// !$*UTF8*$!
{
	archiveVersion = 1;
	classes = {
	};
	objectVersion = 55;
	objects = {

/* Begin PBXBuildFile section */
		432685A41CDCA129005B1E61 /* Assets.xcassets in Resources */ = {isa = PBXBuildFile; fileRef = 432685981CDCA129005B1E61 /* Assets.xcassets */; };
		432685A51CDCA129005B1E61 /* Assets.xcassets in Resources */ = {isa = PBXBuildFile; fileRef = 432685981CDCA129005B1E61 /* Assets.xcassets */; };
		432685A61CDCA129005B1E61 /* LaunchScreen.storyboard in Resources */ = {isa = PBXBuildFile; fileRef = 4326859A1CDCA129005B1E61 /* LaunchScreen.storyboard */; };
		432685A71CDCA129005B1E61 /* LaunchScreen.storyboard in Resources */ = {isa = PBXBuildFile; fileRef = 4326859A1CDCA129005B1E61 /* LaunchScreen.storyboard */; };
		432685AC1CDCA129005B1E61 /* QuestionsViewController.swift in Sources */ = {isa = PBXBuildFile; fileRef = 432685A31CDCA129005B1E61 /* QuestionsViewController.swift */; };
		432685AD1CDCA129005B1E61 /* QuestionsViewController.swift in Sources */ = {isa = PBXBuildFile; fileRef = 432685A31CDCA129005B1E61 /* QuestionsViewController.swift */; };
		4353DA721CDB86FB00A07167 /* AppDelegate.swift in Sources */ = {isa = PBXBuildFile; fileRef = 4353DA621CDB86FB00A07167 /* AppDelegate.swift */; };
		4353DA731CDB86FB00A07167 /* AppDelegate.swift in Sources */ = {isa = PBXBuildFile; fileRef = 4353DA621CDB86FB00A07167 /* AppDelegate.swift */; };
/* End PBXBuildFile section */

/* Begin PBXContainerItemProxy section */
		4353DA531CDB868200A07167 /* PBXContainerItemProxy */ = {
			isa = PBXContainerItemProxy;
			containerPortal = 4353DA341CDB868200A07167 /* Project object */;
			proxyType = 1;
			remoteGlobalIDString = 4353DA3B1CDB868200A07167;
			remoteInfo = WhiteBoardCodingChallenges;
		};
/* End PBXContainerItemProxy section */

/* Begin PBXFileReference section */
		3D4E3FD42729712200DE491D /* Info.plist */ = {isa = PBXFileReference; fileEncoding = 4; lastKnownFileType = text.plist.xml; path = Info.plist; sourceTree = "<group>"; };
		432685981CDCA129005B1E61 /* Assets.xcassets */ = {isa = PBXFileReference; lastKnownFileType = folder.assetcatalog; path = Assets.xcassets; sourceTree = "<group>"; };
		4326859B1CDCA129005B1E61 /* Base */ = {isa = PBXFileReference; lastKnownFileType = file.storyboard; name = Base; path = Base.lproj/LaunchScreen.storyboard; sourceTree = "<group>"; };
		432685A31CDCA129005B1E61 /* QuestionsViewController.swift */ = {isa = PBXFileReference; fileEncoding = 4; lastKnownFileType = sourcecode.swift; path = QuestionsViewController.swift; sourceTree = "<group>"; };
		4353DA3C1CDB868200A07167 /* CodingChallenges.app */ = {isa = PBXFileReference; explicitFileType = wrapper.application; includeInIndex = 0; path = CodingChallenges.app; sourceTree = BUILT_PRODUCTS_DIR; };
		4353DA521CDB868200A07167 /* CodingChallengesTests.xctest */ = {isa = PBXFileReference; explicitFileType = wrapper.cfbundle; includeInIndex = 0; path = CodingChallengesTests.xctest; sourceTree = BUILT_PRODUCTS_DIR; };
		4353DA621CDB86FB00A07167 /* AppDelegate.swift */ = {isa = PBXFileReference; fileEncoding = 4; lastKnownFileType = sourcecode.swift; path = AppDelegate.swift; sourceTree = "<group>"; };
		4353DA6C1CDB86FB00A07167 /* Info.plist */ = {isa = PBXFileReference; fileEncoding = 4; lastKnownFileType = text.plist.xml; path = Info.plist; sourceTree = "<group>"; };
/* End PBXFileReference section */

/* Begin PBXFrameworksBuildPhase section */
		4353DA391CDB868200A07167 /* Frameworks */ = {
			isa = PBXFrameworksBuildPhase;
			buildActionMask = 2147483647;
			files = (
			);
			runOnlyForDeploymentPostprocessing = 0;
		};
		4353DA4F1CDB868200A07167 /* Frameworks */ = {
			isa = PBXFrameworksBuildPhase;
			buildActionMask = 2147483647;
			files = (
			);
			runOnlyForDeploymentPostprocessing = 0;
		};
/* End PBXFrameworksBuildPhase section */

/* Begin PBXGroup section */
		432685961CDCA129005B1E61 /* Resources */ = {
			isa = PBXGroup;
			children = (
				432685971CDCA129005B1E61 /* Images */,
				432685991CDCA129005B1E61 /* StoryBoards */,
			);
			path = Resources;
			sourceTree = "<group>";
		};
		432685971CDCA129005B1E61 /* Images */ = {
			isa = PBXGroup;
			children = (
				432685981CDCA129005B1E61 /* Assets.xcassets */,
			);
			path = Images;
			sourceTree = "<group>";
		};
		432685991CDCA129005B1E61 /* StoryBoards */ = {
			isa = PBXGroup;
			children = (
				4326859A1CDCA129005B1E61 /* LaunchScreen.storyboard */,
			);
			path = StoryBoards;
			sourceTree = "<group>";
		};
		4326859E1CDCA129005B1E61 /* ViewControllers */ = {
			isa = PBXGroup;
			children = (
				432685A21CDCA129005B1E61 /* Questions */,
			);
			path = ViewControllers;
			sourceTree = "<group>";
		};
		432685A21CDCA129005B1E61 /* Questions */ = {
			isa = PBXGroup;
			children = (
				432685A31CDCA129005B1E61 /* QuestionsViewController.swift */,
			);
			path = Questions;
			sourceTree = "<group>";
		};
		4353DA331CDB868200A07167 = {
			isa = PBXGroup;
			children = (
				4353DA3E1CDB868200A07167 /* CodingChallenges */,
				4353DA551CDB868200A07167 /* CodingChallengesTests */,
				4353DA3D1CDB868200A07167 /* Products */,
			);
			sourceTree = "<group>";
		};
		4353DA3D1CDB868200A07167 /* Products */ = {
			isa = PBXGroup;
			children = (
				4353DA3C1CDB868200A07167 /* CodingChallenges.app */,
				4353DA521CDB868200A07167 /* CodingChallengesTests.xctest */,
			);
			name = Products;
			sourceTree = "<group>";
		};
		4353DA3E1CDB868200A07167 /* CodingChallenges */ = {
			isa = PBXGroup;
			children = (
				4353DA611CDB86FB00A07167 /* AppDelegate */,
				432685961CDCA129005B1E61 /* Resources */,
				4353DA6B1CDB86FB00A07167 /* SupportingFiles */,
				4326859E1CDCA129005B1E61 /* ViewControllers */,
			);
			path = CodingChallenges;
			sourceTree = "<group>";
		};
		4353DA551CDB868200A07167 /* CodingChallengesTests */ = {
			isa = PBXGroup;
			children = (
				3D4E3FD42729712200DE491D /* Info.plist */,
			);
			path = CodingChallengesTests;
			sourceTree = "<group>";
		};
		4353DA611CDB86FB00A07167 /* AppDelegate */ = {
			isa = PBXGroup;
			children = (
				4353DA621CDB86FB00A07167 /* AppDelegate.swift */,
			);
			path = AppDelegate;
			sourceTree = "<group>";
		};
		4353DA6B1CDB86FB00A07167 /* SupportingFiles */ = {
			isa = PBXGroup;
			children = (
				4353DA6C1CDB86FB00A07167 /* Info.plist */,
			);
			path = SupportingFiles;
			sourceTree = "<group>";
		};
/* End PBXGroup section */

/* Begin PBXNativeTarget section */
		4353DA3B1CDB868200A07167 /* CodingChallenges */ = {
			isa = PBXNativeTarget;
			buildConfigurationList = 4353DA5B1CDB868200A07167 /* Build configuration list for PBXNativeTarget "CodingChallenges" */;
			buildPhases = (
				4353DA381CDB868200A07167 /* Sources */,
				4353DA391CDB868200A07167 /* Frameworks */,
				4353DA3A1CDB868200A07167 /* Resources */,
			);
			buildRules = (
			);
			dependencies = (
			);
			name = CodingChallenges;
			packageProductDependencies = (
			);
			productName = WhiteBoardCodingChallenges;
			productReference = 4353DA3C1CDB868200A07167 /* CodingChallenges.app */;
			productType = "com.apple.product-type.application";
		};
		4353DA511CDB868200A07167 /* CodingChallengesTests */ = {
			isa = PBXNativeTarget;
			buildConfigurationList = 4353DA5E1CDB868200A07167 /* Build configuration list for PBXNativeTarget "CodingChallengesTests" */;
			buildPhases = (
				4353DA4E1CDB868200A07167 /* Sources */,
				4353DA4F1CDB868200A07167 /* Frameworks */,
				4353DA501CDB868200A07167 /* Resources */,
			);
			buildRules = (
			);
			dependencies = (
				4353DA541CDB868200A07167 /* PBXTargetDependency */,
			);
			name = CodingChallengesTests;
			productName = WhiteBoardCodingChallengesTests;
			productReference = 4353DA521CDB868200A07167 /* CodingChallengesTests.xctest */;
			productType = "com.apple.product-type.bundle.unit-test";
		};
/* End PBXNativeTarget section */

/* Begin PBXProject section */
		4353DA341CDB868200A07167 /* Project object */ = {
			isa = PBXProject;
			attributes = {
				LastSwiftUpdateCheck = 0730;
				LastUpgradeCheck = 1300;
				ORGANIZATIONNAME = Boles;
				TargetAttributes = {
					4353DA3B1CDB868200A07167 = {
						CreatedOnToolsVersion = 7.3;
					};
					4353DA511CDB868200A07167 = {
						CreatedOnToolsVersion = 7.3;
						TestTargetID = 4353DA3B1CDB868200A07167;
					};
				};
			};
			buildConfigurationList = 4353DA371CDB868200A07167 /* Build configuration list for PBXProject "CodingChallenges" */;
			compatibilityVersion = "Xcode 13.0";
			developmentRegion = en;
			hasScannedForEncodings = 0;
			knownRegions = (
				en,
				Base,
			);
			mainGroup = 4353DA331CDB868200A07167;
			packageReferences = (
			);
			productRefGroup = 4353DA3D1CDB868200A07167 /* Products */;
			projectDirPath = "";
			projectRoot = "";
			targets = (
				4353DA3B1CDB868200A07167 /* CodingChallenges */,
				4353DA511CDB868200A07167 /* CodingChallengesTests */,
			);
		};
/* End PBXProject section */

/* Begin PBXResourcesBuildPhase section */
		4353DA3A1CDB868200A07167 /* Resources */ = {
			isa = PBXResourcesBuildPhase;
			buildActionMask = 2147483647;
			files = (
				432685A41CDCA129005B1E61 /* Assets.xcassets in Resources */,
				432685A61CDCA129005B1E61 /* LaunchScreen.storyboard in Resources */,
			);
			runOnlyForDeploymentPostprocessing = 0;
		};
		4353DA501CDB868200A07167 /* Resources */ = {
			isa = PBXResourcesBuildPhase;
			buildActionMask = 2147483647;
			files = (
				432685A71CDCA129005B1E61 /* LaunchScreen.storyboard in Resources */,
				432685A51CDCA129005B1E61 /* Assets.xcassets in Resources */,
			);
			runOnlyForDeploymentPostprocessing = 0;
		};
/* End PBXResourcesBuildPhase section */

/* Begin PBXSourcesBuildPhase section */
		4353DA381CDB868200A07167 /* Sources */ = {
			isa = PBXSourcesBuildPhase;
			buildActionMask = 2147483647;
			files = (
				4353DA721CDB86FB00A07167 /* AppDelegate.swift in Sources */,
				432685AC1CDCA129005B1E61 /* QuestionsViewController.swift in Sources */,
			);
			runOnlyForDeploymentPostprocessing = 0;
		};
		4353DA4E1CDB868200A07167 /* Sources */ = {
			isa = PBXSourcesBuildPhase;
			buildActionMask = 2147483647;
			files = (
				432685AD1CDCA129005B1E61 /* QuestionsViewController.swift in Sources */,
				4353DA731CDB86FB00A07167 /* AppDelegate.swift in Sources */,
			);
			runOnlyForDeploymentPostprocessing = 0;
		};
/* End PBXSourcesBuildPhase section */

/* Begin PBXTargetDependency section */
		4353DA541CDB868200A07167 /* PBXTargetDependency */ = {
			isa = PBXTargetDependency;
			target = 4353DA3B1CDB868200A07167 /* CodingChallenges */;
			targetProxy = 4353DA531CDB868200A07167 /* PBXContainerItemProxy */;
		};
/* End PBXTargetDependency section */

/* Begin PBXVariantGroup section */
		4326859A1CDCA129005B1E61 /* LaunchScreen.storyboard */ = {
			isa = PBXVariantGroup;
			children = (
				4326859B1CDCA129005B1E61 /* Base */,
			);
			name = LaunchScreen.storyboard;
			sourceTree = "<group>";
		};
/* End PBXVariantGroup section */

/* Begin XCBuildConfiguration section */
		4353DA591CDB868200A07167 /* Debug */ = {
			isa = XCBuildConfiguration;
			buildSettings = {
				ALWAYS_SEARCH_USER_PATHS = NO;
				CLANG_ANALYZER_LOCALIZABILITY_NONLOCALIZED = YES;
				CLANG_ANALYZER_NONNULL = YES;
				CLANG_CXX_LANGUAGE_STANDARD = "gnu++0x";
				CLANG_CXX_LIBRARY = "libc++";
				CLANG_ENABLE_MODULES = YES;
				CLANG_ENABLE_OBJC_ARC = YES;
				CLANG_WARN_BLOCK_CAPTURE_AUTORELEASING = YES;
				CLANG_WARN_BOOL_CONVERSION = YES;
				CLANG_WARN_COMMA = YES;
				CLANG_WARN_CONSTANT_CONVERSION = YES;
				CLANG_WARN_DEPRECATED_OBJC_IMPLEMENTATIONS = YES;
				CLANG_WARN_DIRECT_OBJC_ISA_USAGE = YES_ERROR;
				CLANG_WARN_EMPTY_BODY = YES;
				CLANG_WARN_ENUM_CONVERSION = YES;
				CLANG_WARN_INFINITE_RECURSION = YES;
				CLANG_WARN_INT_CONVERSION = YES;
				CLANG_WARN_NON_LITERAL_NULL_CONVERSION = YES;
				CLANG_WARN_OBJC_IMPLICIT_RETAIN_SELF = YES;
				CLANG_WARN_OBJC_LITERAL_CONVERSION = YES;
				CLANG_WARN_OBJC_ROOT_CLASS = YES_ERROR;
				CLANG_WARN_QUOTED_INCLUDE_IN_FRAMEWORK_HEADER = YES;
				CLANG_WARN_RANGE_LOOP_ANALYSIS = YES;
				CLANG_WARN_STRICT_PROTOTYPES = YES;
				CLANG_WARN_SUSPICIOUS_MOVE = YES;
				CLANG_WARN_UNREACHABLE_CODE = YES;
				CLANG_WARN__DUPLICATE_METHOD_MATCH = YES;
				"CODE_SIGN_IDENTITY[sdk=iphoneos*]" = "iPhone Developer";
				COPY_PHASE_STRIP = NO;
				DEBUG_INFORMATION_FORMAT = dwarf;
				ENABLE_STRICT_OBJC_MSGSEND = YES;
				ENABLE_TESTABILITY = YES;
				GCC_C_LANGUAGE_STANDARD = gnu99;
				GCC_DYNAMIC_NO_PIC = NO;
				GCC_NO_COMMON_BLOCKS = YES;
				GCC_OPTIMIZATION_LEVEL = 0;
				GCC_PREPROCESSOR_DEFINITIONS = (
					"DEBUG=1",
					"$(inherited)",
				);
				GCC_WARN_64_TO_32_BIT_CONVERSION = YES;
				GCC_WARN_ABOUT_RETURN_TYPE = YES_ERROR;
				GCC_WARN_UNDECLARED_SELECTOR = YES;
				GCC_WARN_UNINITIALIZED_AUTOS = YES_AGGRESSIVE;
				GCC_WARN_UNUSED_FUNCTION = YES;
				GCC_WARN_UNUSED_VARIABLE = YES;
				IPHONEOS_DEPLOYMENT_TARGET = 15.0;
				MTL_ENABLE_DEBUG_INFO = YES;
				ONLY_ACTIVE_ARCH = YES;
				SDKROOT = iphoneos;
				SWIFT_OPTIMIZATION_LEVEL = "-Onone";
				SWIFT_VERSION = 5.0;
			};
			name = Debug;
		};
		4353DA5A1CDB868200A07167 /* Release */ = {
			isa = XCBuildConfiguration;
			buildSettings = {
				ALWAYS_SEARCH_USER_PATHS = NO;
				CLANG_ANALYZER_LOCALIZABILITY_NONLOCALIZED = YES;
				CLANG_ANALYZER_NONNULL = YES;
				CLANG_CXX_LANGUAGE_STANDARD = "gnu++0x";
				CLANG_CXX_LIBRARY = "libc++";
				CLANG_ENABLE_MODULES = YES;
				CLANG_ENABLE_OBJC_ARC = YES;
				CLANG_WARN_BLOCK_CAPTURE_AUTORELEASING = YES;
				CLANG_WARN_BOOL_CONVERSION = YES;
				CLANG_WARN_COMMA = YES;
				CLANG_WARN_CONSTANT_CONVERSION = YES;
				CLANG_WARN_DEPRECATED_OBJC_IMPLEMENTATIONS = YES;
				CLANG_WARN_DIRECT_OBJC_ISA_USAGE = YES_ERROR;
				CLANG_WARN_EMPTY_BODY = YES;
				CLANG_WARN_ENUM_CONVERSION = YES;
				CLANG_WARN_INFINITE_RECURSION = YES;
				CLANG_WARN_INT_CONVERSION = YES;
				CLANG_WARN_NON_LITERAL_NULL_CONVERSION = YES;
				CLANG_WARN_OBJC_IMPLICIT_RETAIN_SELF = YES;
				CLANG_WARN_OBJC_LITERAL_CONVERSION = YES;
				CLANG_WARN_OBJC_ROOT_CLASS = YES_ERROR;
				CLANG_WARN_QUOTED_INCLUDE_IN_FRAMEWORK_HEADER = YES;
				CLANG_WARN_RANGE_LOOP_ANALYSIS = YES;
				CLANG_WARN_STRICT_PROTOTYPES = YES;
				CLANG_WARN_SUSPICIOUS_MOVE = YES;
				CLANG_WARN_UNREACHABLE_CODE = YES;
				CLANG_WARN__DUPLICATE_METHOD_MATCH = YES;
				"CODE_SIGN_IDENTITY[sdk=iphoneos*]" = "iPhone Developer";
				COPY_PHASE_STRIP = NO;
				DEBUG_INFORMATION_FORMAT = "dwarf-with-dsym";
				ENABLE_NS_ASSERTIONS = NO;
				ENABLE_STRICT_OBJC_MSGSEND = YES;
				GCC_C_LANGUAGE_STANDARD = gnu99;
				GCC_NO_COMMON_BLOCKS = YES;
				GCC_WARN_64_TO_32_BIT_CONVERSION = YES;
				GCC_WARN_ABOUT_RETURN_TYPE = YES_ERROR;
				GCC_WARN_UNDECLARED_SELECTOR = YES;
				GCC_WARN_UNINITIALIZED_AUTOS = YES_AGGRESSIVE;
				GCC_WARN_UNUSED_FUNCTION = YES;
				GCC_WARN_UNUSED_VARIABLE = YES;
				IPHONEOS_DEPLOYMENT_TARGET = 15.0;
				MTL_ENABLE_DEBUG_INFO = NO;
				SDKROOT = iphoneos;
				SWIFT_COMPILATION_MODE = wholemodule;
				SWIFT_VERSION = 5.0;
				VALIDATE_PRODUCT = YES;
			};
			name = Release;
		};
		4353DA5C1CDB868200A07167 /* Debug */ = {
			isa = XCBuildConfiguration;
			buildSettings = {
				ASSETCATALOG_COMPILER_APPICON_NAME = AppIcon;
				INFOPLIST_FILE = CodingChallenges/SupportingFiles/Info.plist;
				IPHONEOS_DEPLOYMENT_TARGET = 15.0;
				LD_RUNPATH_SEARCH_PATHS = (
					"$(inherited)",
					"@executable_path/Frameworks",
				);
				PRODUCT_BUNDLE_IDENTIFIER = com.williamboles.CodingChallenges;
				PRODUCT_NAME = "$(TARGET_NAME)";
				TARGETED_DEVICE_FAMILY = 1;
			};
			name = Debug;
		};
		4353DA5D1CDB868200A07167 /* Release */ = {
			isa = XCBuildConfiguration;
			buildSettings = {
				ASSETCATALOG_COMPILER_APPICON_NAME = AppIcon;
				INFOPLIST_FILE = CodingChallenges/SupportingFiles/Info.plist;
				IPHONEOS_DEPLOYMENT_TARGET = 15.0;
				LD_RUNPATH_SEARCH_PATHS = (
					"$(inherited)",
					"@executable_path/Frameworks",
				);
				PRODUCT_BUNDLE_IDENTIFIER = com.williamboles.CodingChallenges;
				PRODUCT_NAME = "$(TARGET_NAME)";
				TARGETED_DEVICE_FAMILY = 1;
			};
			name = Release;
		};
		4353DA5F1CDB868200A07167 /* Debug */ = {
			isa = XCBuildConfiguration;
			buildSettings = {
				BUNDLE_LOADER = "$(TEST_HOST)";
				INFOPLIST_FILE = CodingChallengesTests/Info.plist;
				LD_RUNPATH_SEARCH_PATHS = (
					"$(inherited)",
					"@executable_path/Frameworks",
					"@loader_path/Frameworks",
				);
				PRODUCT_BUNDLE_IDENTIFIER = com.williamboles.CodingChallengesTests;
				PRODUCT_NAME = "$(TARGET_NAME)";
				TEST_HOST = "$(BUILT_PRODUCTS_DIR)/CodingChallenges.app/CodingChallenges";
			};
			name = Debug;
		};
		4353DA601CDB868200A07167 /* Release */ = {
			isa = XCBuildConfiguration;
			buildSettings = {
				BUNDLE_LOADER = "$(TEST_HOST)";
				INFOPLIST_FILE = CodingChallengesTests/Info.plist;
				LD_RUNPATH_SEARCH_PATHS = (
					"$(inherited)",
					"@executable_path/Frameworks",
					"@loader_path/Frameworks",
				);
				PRODUCT_BUNDLE_IDENTIFIER = com.williamboles.CodingChallengesTests;
				PRODUCT_NAME = "$(TARGET_NAME)";
				TEST_HOST = "$(BUILT_PRODUCTS_DIR)/CodingChallenges.app/CodingChallenges";
			};
			name = Release;
		};
/* End XCBuildConfiguration section */

/* Begin XCConfigurationList section */
		4353DA371CDB868200A07167 /* Build configuration list for PBXProject "CodingChallenges" */ = {
			isa = XCConfigurationList;
			buildConfigurations = (
				4353DA591CDB868200A07167 /* Debug */,
				4353DA5A1CDB868200A07167 /* Release */,
			);
			defaultConfigurationIsVisible = 0;
			defaultConfigurationName = Release;
		};
		4353DA5B1CDB868200A07167 /* Build configuration list for PBXNativeTarget "CodingChallenges" */ = {
			isa = XCConfigurationList;
			buildConfigurations = (
				4353DA5C1CDB868200A07167 /* Debug */,
				4353DA5D1CDB868200A07167 /* Release */,
			);
			defaultConfigurationIsVisible = 0;
			defaultConfigurationName = Release;
		};
		4353DA5E1CDB868200A07167 /* Build configuration list for PBXNativeTarget "CodingChallengesTests" */ = {
			isa = XCConfigurationList;
			buildConfigurations = (
				4353DA5F1CDB868200A07167 /* Debug */,
				4353DA601CDB868200A07167 /* Release */,
			);
			defaultConfigurationIsVisible = 0;
			defaultConfigurationName = Release;
		};
/* End XCConfigurationList section */
	};
	rootObject = 4353DA341CDB868200A07167 /* Project object */;
}
