// !$*UTF8*$!
{
	archiveVersion = 1;
	classes = {
	};
	objectVersion = 46;
	objects = {

/* Begin PBXBuildFile section */
		432685901CDC9E70005B1E61 /* ReverseStringAndKeepWordOrderingTests.swift in Sources */ = {isa = PBXBuildFile; fileRef = 4326858F1CDC9E70005B1E61 /* ReverseStringAndKeepWordOrderingTests.swift */; };
		432685A41CDCA129005B1E61 /* Assets.xcassets in Resources */ = {isa = PBXBuildFile; fileRef = 432685981CDCA129005B1E61 /* Assets.xcassets */; };
		432685A51CDCA129005B1E61 /* Assets.xcassets in Resources */ = {isa = PBXBuildFile; fileRef = 432685981CDCA129005B1E61 /* Assets.xcassets */; };
		432685A61CDCA129005B1E61 /* LaunchScreen.storyboard in Resources */ = {isa = PBXBuildFile; fileRef = 4326859A1CDCA129005B1E61 /* LaunchScreen.storyboard */; };
		432685A71CDCA129005B1E61 /* LaunchScreen.storyboard in Resources */ = {isa = PBXBuildFile; fileRef = 4326859A1CDCA129005B1E61 /* LaunchScreen.storyboard */; };
		432685AA1CDCA129005B1E61 /* SingleTextFieldViewController.swift in Sources */ = {isa = PBXBuildFile; fileRef = 432685A11CDCA129005B1E61 /* SingleTextFieldViewController.swift */; };
		432685AB1CDCA129005B1E61 /* SingleTextFieldViewController.swift in Sources */ = {isa = PBXBuildFile; fileRef = 432685A11CDCA129005B1E61 /* SingleTextFieldViewController.swift */; };
		432685AC1CDCA129005B1E61 /* QuestionsViewController.swift in Sources */ = {isa = PBXBuildFile; fileRef = 432685A31CDCA129005B1E61 /* QuestionsViewController.swift */; };
		432685AD1CDCA129005B1E61 /* QuestionsViewController.swift in Sources */ = {isa = PBXBuildFile; fileRef = 432685A31CDCA129005B1E61 /* QuestionsViewController.swift */; };
		432685B01CDCA288005B1E61 /* ReverseStringAndKeepWordOrdering.swift in Sources */ = {isa = PBXBuildFile; fileRef = 432685AF1CDCA288005B1E61 /* ReverseStringAndKeepWordOrdering.swift */; };
		432685B11CDCA288005B1E61 /* ReverseStringAndKeepWordOrdering.swift in Sources */ = {isa = PBXBuildFile; fileRef = 432685AF1CDCA288005B1E61 /* ReverseStringAndKeepWordOrdering.swift */; };
		432685B41CDCA4AF005B1E61 /* AlphabeticalOrdering.swift in Sources */ = {isa = PBXBuildFile; fileRef = 432685B31CDCA4AF005B1E61 /* AlphabeticalOrdering.swift */; };
		432685B51CDCA4AF005B1E61 /* AlphabeticalOrdering.swift in Sources */ = {isa = PBXBuildFile; fileRef = 432685B31CDCA4AF005B1E61 /* AlphabeticalOrdering.swift */; };
		432685B71CDCA4C0005B1E61 /* AlphabeticalOrderingTests.swift in Sources */ = {isa = PBXBuildFile; fileRef = 432685B61CDCA4C0005B1E61 /* AlphabeticalOrderingTests.swift */; };
		432685BA1CDCAD11005B1E61 /* DecimalToBinary.swift in Sources */ = {isa = PBXBuildFile; fileRef = 432685B91CDCAD11005B1E61 /* DecimalToBinary.swift */; };
		432685BB1CDCAD11005B1E61 /* DecimalToBinary.swift in Sources */ = {isa = PBXBuildFile; fileRef = 432685B91CDCAD11005B1E61 /* DecimalToBinary.swift */; };
		432685BD1CDCAD1E005B1E61 /* DecimalToBinaryTests.swift in Sources */ = {isa = PBXBuildFile; fileRef = 432685BC1CDCAD1E005B1E61 /* DecimalToBinaryTests.swift */; };
		432685C01CDCCD2A005B1E61 /* Palindrome.swift in Sources */ = {isa = PBXBuildFile; fileRef = 432685BF1CDCCD2A005B1E61 /* Palindrome.swift */; };
		432685C11CDCCD2A005B1E61 /* Palindrome.swift in Sources */ = {isa = PBXBuildFile; fileRef = 432685BF1CDCCD2A005B1E61 /* Palindrome.swift */; };
		432685C31CDCCD38005B1E61 /* PalindromeTests.swift in Sources */ = {isa = PBXBuildFile; fileRef = 432685C21CDCCD38005B1E61 /* PalindromeTests.swift */; };
		432685C61CDCD35B005B1E61 /* GreatestCommonDenominator.swift in Sources */ = {isa = PBXBuildFile; fileRef = 432685C51CDCD35B005B1E61 /* GreatestCommonDenominator.swift */; };
		432685C71CDCD35B005B1E61 /* GreatestCommonDenominator.swift in Sources */ = {isa = PBXBuildFile; fileRef = 432685C51CDCD35B005B1E61 /* GreatestCommonDenominator.swift */; };
		432685C91CDCD36E005B1E61 /* GreatestCommonDenominatorTests.swift in Sources */ = {isa = PBXBuildFile; fileRef = 432685C81CDCD36E005B1E61 /* GreatestCommonDenominatorTests.swift */; };
		432685CC1CDCF664005B1E61 /* Prime.swift in Sources */ = {isa = PBXBuildFile; fileRef = 432685CB1CDCF664005B1E61 /* Prime.swift */; };
		432685CD1CDCF664005B1E61 /* Prime.swift in Sources */ = {isa = PBXBuildFile; fileRef = 432685CB1CDCF664005B1E61 /* Prime.swift */; };
		432685CF1CDCF72D005B1E61 /* PrimeTests.swift in Sources */ = {isa = PBXBuildFile; fileRef = 432685CE1CDCF72D005B1E61 /* PrimeTests.swift */; };
		433ACF871CE333AC00B3B624 /* ACMICPCTeam.swift in Sources */ = {isa = PBXBuildFile; fileRef = 433ACF861CE333AC00B3B624 /* ACMICPCTeam.swift */; };
		433ACF881CE333AC00B3B624 /* ACMICPCTeam.swift in Sources */ = {isa = PBXBuildFile; fileRef = 433ACF861CE333AC00B3B624 /* ACMICPCTeam.swift */; };
		433ACF8A1CE333B900B3B624 /* ACMICPCTeamTests.swift in Sources */ = {isa = PBXBuildFile; fileRef = 433ACF891CE333B900B3B624 /* ACMICPCTeamTests.swift */; };
		433ACF8E1CE3921700B3B624 /* DikshasBirthday.swift in Sources */ = {isa = PBXBuildFile; fileRef = 433ACF8D1CE3921700B3B624 /* DikshasBirthday.swift */; };
		433ACF8F1CE3921700B3B624 /* DikshasBirthday.swift in Sources */ = {isa = PBXBuildFile; fileRef = 433ACF8D1CE3921700B3B624 /* DikshasBirthday.swift */; };
		433ACF911CE3922200B3B624 /* DikshasBirthdayTests.swift in Sources */ = {isa = PBXBuildFile; fileRef = 433ACF901CE3922200B3B624 /* DikshasBirthdayTests.swift */; };
		4353DA721CDB86FB00A07167 /* AppDelegate.swift in Sources */ = {isa = PBXBuildFile; fileRef = 4353DA621CDB86FB00A07167 /* AppDelegate.swift */; };
		4353DA731CDB86FB00A07167 /* AppDelegate.swift in Sources */ = {isa = PBXBuildFile; fileRef = 4353DA621CDB86FB00A07167 /* AppDelegate.swift */; };
		4353DA7B1CDB86FB00A07167 /* Info.plist in Resources */ = {isa = PBXBuildFile; fileRef = 4353DA6C1CDB86FB00A07167 /* Info.plist */; };
		43635B341CE09FD10004BC05 /* LisasWorkbook.swift in Sources */ = {isa = PBXBuildFile; fileRef = 43635B331CE09FD10004BC05 /* LisasWorkbook.swift */; };
		43635B351CE09FD10004BC05 /* LisasWorkbook.swift in Sources */ = {isa = PBXBuildFile; fileRef = 43635B331CE09FD10004BC05 /* LisasWorkbook.swift */; };
		43635B371CE09FDE0004BC05 /* LisasWorkbookTests.swift in Sources */ = {isa = PBXBuildFile; fileRef = 43635B361CE09FDE0004BC05 /* LisasWorkbookTests.swift */; };
		436BD3DE1CEB591100C5D7A9 /* BiggerIsGreater.swift in Sources */ = {isa = PBXBuildFile; fileRef = 436BD3DD1CEB591100C5D7A9 /* BiggerIsGreater.swift */; };
		436BD3DF1CEB591100C5D7A9 /* BiggerIsGreater.swift in Sources */ = {isa = PBXBuildFile; fileRef = 436BD3DD1CEB591100C5D7A9 /* BiggerIsGreater.swift */; };
		436BD3E11CEB596700C5D7A9 /* BiggerIsGreaterTests.swift in Sources */ = {isa = PBXBuildFile; fileRef = 436BD3E01CEB596700C5D7A9 /* BiggerIsGreaterTests.swift */; };
		43963CF21CEA08F30049F176 /* QuickSort.swift in Sources */ = {isa = PBXBuildFile; fileRef = 43963CF11CEA08F30049F176 /* QuickSort.swift */; };
		43963CF31CEA08F30049F176 /* QuickSort.swift in Sources */ = {isa = PBXBuildFile; fileRef = 43963CF11CEA08F30049F176 /* QuickSort.swift */; };
		43963CF51CEA08FF0049F176 /* QuickSortTests.swift in Sources */ = {isa = PBXBuildFile; fileRef = 43963CF41CEA08FF0049F176 /* QuickSortTests.swift */; };
		43D630921CE0CC760023328A /* GridSearch.swift in Sources */ = {isa = PBXBuildFile; fileRef = 43D630911CE0CC760023328A /* GridSearch.swift */; };
		43D630931CE0CC7B0023328A /* GridSearch.swift in Sources */ = {isa = PBXBuildFile; fileRef = 43D630911CE0CC760023328A /* GridSearch.swift */; };
		43D630951CE0CC880023328A /* GridSearchTests.swift in Sources */ = {isa = PBXBuildFile; fileRef = 43D630941CE0CC880023328A /* GridSearchTests.swift */; };
		43FB3F081CE4866A00AFCDA7 /* TimeInWords.swift in Sources */ = {isa = PBXBuildFile; fileRef = 43FB3F071CE4866A00AFCDA7 /* TimeInWords.swift */; };
		43FB3F091CE4866A00AFCDA7 /* TimeInWords.swift in Sources */ = {isa = PBXBuildFile; fileRef = 43FB3F071CE4866A00AFCDA7 /* TimeInWords.swift */; };
		43FB3F0B1CE4867700AFCDA7 /* TimeInWordsTests.swift in Sources */ = {isa = PBXBuildFile; fileRef = 43FB3F0A1CE4867700AFCDA7 /* TimeInWordsTests.swift */; };
		43FB3F0E1CE4994000AFCDA7 /* Kaprekar.swift in Sources */ = {isa = PBXBuildFile; fileRef = 43FB3F0D1CE4994000AFCDA7 /* Kaprekar.swift */; };
		43FB3F0F1CE4994000AFCDA7 /* Kaprekar.swift in Sources */ = {isa = PBXBuildFile; fileRef = 43FB3F0D1CE4994000AFCDA7 /* Kaprekar.swift */; };
		43FB3F111CE4994C00AFCDA7 /* KaprekarTests.swift in Sources */ = {isa = PBXBuildFile; fileRef = 43FB3F101CE4994C00AFCDA7 /* KaprekarTests.swift */; };
		43FB3F141CE4C47B00AFCDA7 /* Encryption.swift in Sources */ = {isa = PBXBuildFile; fileRef = 43FB3F131CE4C47B00AFCDA7 /* Encryption.swift */; };
		43FB3F151CE4C47B00AFCDA7 /* Encryption.swift in Sources */ = {isa = PBXBuildFile; fileRef = 43FB3F131CE4C47B00AFCDA7 /* Encryption.swift */; };
		43FB3F171CE4C48600AFCDA7 /* EncryptionTests.swift in Sources */ = {isa = PBXBuildFile; fileRef = 43FB3F161CE4C48600AFCDA7 /* EncryptionTests.swift */; };
		43FB3F1A1CE4E85200AFCDA7 /* LarrysArray.swift in Sources */ = {isa = PBXBuildFile; fileRef = 43FB3F191CE4E85200AFCDA7 /* LarrysArray.swift */; };
		43FB3F1B1CE4E85200AFCDA7 /* LarrysArray.swift in Sources */ = {isa = PBXBuildFile; fileRef = 43FB3F191CE4E85200AFCDA7 /* LarrysArray.swift */; };
		43FB3F1D1CE4E85D00AFCDA7 /* LarrysArrayTests.swift in Sources */ = {isa = PBXBuildFile; fileRef = 43FB3F1C1CE4E85D00AFCDA7 /* LarrysArrayTests.swift */; };
		43FF2D301CE1F35C00D6FCDF /* CavityMapTests.swift in Sources */ = {isa = PBXBuildFile; fileRef = 43FF2D2F1CE1F35C00D6FCDF /* CavityMapTests.swift */; };
		43FF2D321CE1F36A00D6FCDF /* CavityMap.swift in Sources */ = {isa = PBXBuildFile; fileRef = 43FF2D311CE1F36A00D6FCDF /* CavityMap.swift */; };
		43FF2D331CE1F36F00D6FCDF /* CavityMap.swift in Sources */ = {isa = PBXBuildFile; fileRef = 43FF2D311CE1F36A00D6FCDF /* CavityMap.swift */; };
		43FF2D351CE214EE00D6FCDF /* CaesarCipherTests.swift in Sources */ = {isa = PBXBuildFile; fileRef = 43FF2D341CE214EE00D6FCDF /* CaesarCipherTests.swift */; };
		43FF2D381CE2151300D6FCDF /* CaesarCipher.swift in Sources */ = {isa = PBXBuildFile; fileRef = 43FF2D371CE2151300D6FCDF /* CaesarCipher.swift */; };
		43FF2D391CE2151300D6FCDF /* CaesarCipher.swift in Sources */ = {isa = PBXBuildFile; fileRef = 43FF2D371CE2151300D6FCDF /* CaesarCipher.swift */; };
		43FF2D3C1CE2387900D6FCDF /* LibraryFine.swift in Sources */ = {isa = PBXBuildFile; fileRef = 43FF2D3B1CE2387900D6FCDF /* LibraryFine.swift */; };
		43FF2D3D1CE2387900D6FCDF /* LibraryFine.swift in Sources */ = {isa = PBXBuildFile; fileRef = 43FF2D3B1CE2387900D6FCDF /* LibraryFine.swift */; };
		43FF2D3F1CE2388800D6FCDF /* LibraryFineTests.swift in Sources */ = {isa = PBXBuildFile; fileRef = 43FF2D3E1CE2388800D6FCDF /* LibraryFineTests.swift */; };
		43FF2D421CE2466600D6FCDF /* ManasaAndStones.swift in Sources */ = {isa = PBXBuildFile; fileRef = 43FF2D411CE2466600D6FCDF /* ManasaAndStones.swift */; };
		43FF2D431CE2466600D6FCDF /* ManasaAndStones.swift in Sources */ = {isa = PBXBuildFile; fileRef = 43FF2D411CE2466600D6FCDF /* ManasaAndStones.swift */; };
		43FF2D451CE2467100D6FCDF /* ManasaAndStonesTests.swift in Sources */ = {isa = PBXBuildFile; fileRef = 43FF2D441CE2467100D6FCDF /* ManasaAndStonesTests.swift */; };
		910597071CFC50B80057BD82 /* PalindromePermutation.swift in Sources */ = {isa = PBXBuildFile; fileRef = 910597061CFC50B80057BD82 /* PalindromePermutation.swift */; };
		910597081CFC50B80057BD82 /* PalindromePermutation.swift in Sources */ = {isa = PBXBuildFile; fileRef = 910597061CFC50B80057BD82 /* PalindromePermutation.swift */; };
		9105970A1CFC51090057BD82 /* PalindromePermutationTests.swift in Sources */ = {isa = PBXBuildFile; fileRef = 910597091CFC51090057BD82 /* PalindromePermutationTests.swift */; };
		9105970E1CFC59D20057BD82 /* ReconstructBinaryTreeNode.swift in Sources */ = {isa = PBXBuildFile; fileRef = 9105970C1CFC59D20057BD82 /* ReconstructBinaryTreeNode.swift */; };
		9105970F1CFC59D20057BD82 /* ReconstructBinaryTreeNode.swift in Sources */ = {isa = PBXBuildFile; fileRef = 9105970C1CFC59D20057BD82 /* ReconstructBinaryTreeNode.swift */; };
		910597101CFC59D20057BD82 /* ReconstructBinaryTree.swift in Sources */ = {isa = PBXBuildFile; fileRef = 9105970D1CFC59D20057BD82 /* ReconstructBinaryTree.swift */; };
		910597111CFC59D20057BD82 /* ReconstructBinaryTree.swift in Sources */ = {isa = PBXBuildFile; fileRef = 9105970D1CFC59D20057BD82 /* ReconstructBinaryTree.swift */; };
		910597141CFC5D220057BD82 /* OffByOne.swift in Sources */ = {isa = PBXBuildFile; fileRef = 910597131CFC5D220057BD82 /* OffByOne.swift */; };
		910597151CFC5D220057BD82 /* OffByOne.swift in Sources */ = {isa = PBXBuildFile; fileRef = 910597131CFC5D220057BD82 /* OffByOne.swift */; };
		910597171CFC5D2F0057BD82 /* OffByOneTests.swift in Sources */ = {isa = PBXBuildFile; fileRef = 910597161CFC5D2F0057BD82 /* OffByOneTests.swift */; };
		9105971A1CFCAEDE0057BD82 /* LinkedListIntersectingNode.swift in Sources */ = {isa = PBXBuildFile; fileRef = 910597191CFCAEDE0057BD82 /* LinkedListIntersectingNode.swift */; };
		9105971B1CFCAEDE0057BD82 /* LinkedListIntersectingNode.swift in Sources */ = {isa = PBXBuildFile; fileRef = 910597191CFCAEDE0057BD82 /* LinkedListIntersectingNode.swift */; };
		9105971D1CFCAEEA0057BD82 /* LinkedListNode.swift in Sources */ = {isa = PBXBuildFile; fileRef = 9105971C1CFCAEEA0057BD82 /* LinkedListNode.swift */; };
		9105971E1CFCAEEA0057BD82 /* LinkedListNode.swift in Sources */ = {isa = PBXBuildFile; fileRef = 9105971C1CFCAEEA0057BD82 /* LinkedListNode.swift */; };
		910597201CFCAF410057BD82 /* SingleLinkedList.swift in Sources */ = {isa = PBXBuildFile; fileRef = 9105971F1CFCAF410057BD82 /* SingleLinkedList.swift */; };
		910597211CFCAF410057BD82 /* SingleLinkedList.swift in Sources */ = {isa = PBXBuildFile; fileRef = 9105971F1CFCAF410057BD82 /* SingleLinkedList.swift */; };
		910597231CFCB1090057BD82 /* LinkedListIntersectingNodeTests.swift in Sources */ = {isa = PBXBuildFile; fileRef = 910597221CFCB1090057BD82 /* LinkedListIntersectingNodeTests.swift */; };
		912A54CA1D0AFF2400CF7242 /* MaximumSubarray.swift in Sources */ = {isa = PBXBuildFile; fileRef = 912A54C91D0AFF2400CF7242 /* MaximumSubarray.swift */; };
		912A54CB1D0AFF2400CF7242 /* MaximumSubarray.swift in Sources */ = {isa = PBXBuildFile; fileRef = 912A54C91D0AFF2400CF7242 /* MaximumSubarray.swift */; };
		912A54CD1D0AFF9900CF7242 /* MaximumSubarrayTests.swift in Sources */ = {isa = PBXBuildFile; fileRef = 912A54CC1D0AFF9900CF7242 /* MaximumSubarrayTests.swift */; };
		915E1FD61CFB094200F13872 /* ReconstructBinaryTreeTests.swift in Sources */ = {isa = PBXBuildFile; fileRef = 915E1FD51CFB094200F13872 /* ReconstructBinaryTreeTests.swift */; };
		9189B1991CFCB7610048B1C7 /* CircularLinkedList.swift in Sources */ = {isa = PBXBuildFile; fileRef = 9189B1981CFCB7610048B1C7 /* CircularLinkedList.swift */; };
		9189B19A1CFCB7610048B1C7 /* CircularLinkedList.swift in Sources */ = {isa = PBXBuildFile; fileRef = 9189B1981CFCB7610048B1C7 /* CircularLinkedList.swift */; };
		9189B19C1CFCB8250048B1C7 /* CircularLinkedListTests.swift in Sources */ = {isa = PBXBuildFile; fileRef = 9189B19B1CFCB8250048B1C7 /* CircularLinkedListTests.swift */; };
		91F80FC31CFDA0280029F848 /* BinarySearchTree.swift in Sources */ = {isa = PBXBuildFile; fileRef = 91F80FC21CFDA0280029F848 /* BinarySearchTree.swift */; };
		91F80FC41CFDA0280029F848 /* BinarySearchTree.swift in Sources */ = {isa = PBXBuildFile; fileRef = 91F80FC21CFDA0280029F848 /* BinarySearchTree.swift */; };
		91F80FC61CFDA0360029F848 /* BinarySearchTreeNode.swift in Sources */ = {isa = PBXBuildFile; fileRef = 91F80FC51CFDA0360029F848 /* BinarySearchTreeNode.swift */; };
		91F80FC71CFDA0360029F848 /* BinarySearchTreeNode.swift in Sources */ = {isa = PBXBuildFile; fileRef = 91F80FC51CFDA0360029F848 /* BinarySearchTreeNode.swift */; };
		91F80FC91CFDA2F00029F848 /* BinarySearchTreeTests.swift in Sources */ = {isa = PBXBuildFile; fileRef = 91F80FC81CFDA2F00029F848 /* BinarySearchTreeTests.swift */; };
		91F80FCE1CFDB06F0029F848 /* LevelTraversalQueue.swift in Sources */ = {isa = PBXBuildFile; fileRef = 91F80FCD1CFDB06F0029F848 /* LevelTraversalQueue.swift */; };
		91F80FCF1CFDB06F0029F848 /* LevelTraversalQueue.swift in Sources */ = {isa = PBXBuildFile; fileRef = 91F80FCD1CFDB06F0029F848 /* LevelTraversalQueue.swift */; };
		91F80FD21CFEFC830029F848 /* MinStack.swift in Sources */ = {isa = PBXBuildFile; fileRef = 91F80FD11CFEFC830029F848 /* MinStack.swift */; };
		91F80FD31CFEFC830029F848 /* MinStack.swift in Sources */ = {isa = PBXBuildFile; fileRef = 91F80FD11CFEFC830029F848 /* MinStack.swift */; };
		91F80FD51CFEFC920029F848 /* MinStackTests.swift in Sources */ = {isa = PBXBuildFile; fileRef = 91F80FD41CFEFC920029F848 /* MinStackTests.swift */; };
		91F80FD71CFEFCB70029F848 /* MinStackNode.swift in Sources */ = {isa = PBXBuildFile; fileRef = 91F80FD61CFEFCB70029F848 /* MinStackNode.swift */; };
		91F80FD81CFEFCB70029F848 /* MinStackNode.swift in Sources */ = {isa = PBXBuildFile; fileRef = 91F80FD61CFEFCB70029F848 /* MinStackNode.swift */; };
		91F80FDB1CFF09BB0029F848 /* StackOfPlates.swift in Sources */ = {isa = PBXBuildFile; fileRef = 91F80FDA1CFF09BB0029F848 /* StackOfPlates.swift */; };
		91F80FDC1CFF09BB0029F848 /* StackOfPlates.swift in Sources */ = {isa = PBXBuildFile; fileRef = 91F80FDA1CFF09BB0029F848 /* StackOfPlates.swift */; };
		91F80FDE1CFF09FD0029F848 /* StackOfPlatesNode.swift in Sources */ = {isa = PBXBuildFile; fileRef = 91F80FDD1CFF09FD0029F848 /* StackOfPlatesNode.swift */; };
		91F80FDF1CFF09FD0029F848 /* StackOfPlatesNode.swift in Sources */ = {isa = PBXBuildFile; fileRef = 91F80FDD1CFF09FD0029F848 /* StackOfPlatesNode.swift */; };
		91F80FE11CFF0A9A0029F848 /* StackOfPlatesStack.swift in Sources */ = {isa = PBXBuildFile; fileRef = 91F80FE01CFF0A9A0029F848 /* StackOfPlatesStack.swift */; };
		91F80FE21CFF0A9A0029F848 /* StackOfPlatesStack.swift in Sources */ = {isa = PBXBuildFile; fileRef = 91F80FE01CFF0A9A0029F848 /* StackOfPlatesStack.swift */; };
		91F80FE41CFF0DD10029F848 /* StackOfPlatesTests.swift in Sources */ = {isa = PBXBuildFile; fileRef = 91F80FE31CFF0DD10029F848 /* StackOfPlatesTests.swift */; };
		91F80FE71CFF12070029F848 /* QueueViaStacks.swift in Sources */ = {isa = PBXBuildFile; fileRef = 91F80FE61CFF12070029F848 /* QueueViaStacks.swift */; };
		91F80FE81CFF12070029F848 /* QueueViaStacks.swift in Sources */ = {isa = PBXBuildFile; fileRef = 91F80FE61CFF12070029F848 /* QueueViaStacks.swift */; };
		91F80FED1CFF12DB0029F848 /* QueueViaStacksStack.swift in Sources */ = {isa = PBXBuildFile; fileRef = 91F80FEC1CFF12DB0029F848 /* QueueViaStacksStack.swift */; };
		91F80FEE1CFF12DB0029F848 /* QueueViaStacksStack.swift in Sources */ = {isa = PBXBuildFile; fileRef = 91F80FEC1CFF12DB0029F848 /* QueueViaStacksStack.swift */; };
		91F80FF01CFF158A0029F848 /* QueueViaStacksTests.swift in Sources */ = {isa = PBXBuildFile; fileRef = 91F80FEF1CFF158A0029F848 /* QueueViaStacksTests.swift */; };
		91F80FF31CFF1D850029F848 /* RoutePlanner.swift in Sources */ = {isa = PBXBuildFile; fileRef = 91F80FF21CFF1D850029F848 /* RoutePlanner.swift */; };
		91F80FF41CFF1D850029F848 /* RoutePlanner.swift in Sources */ = {isa = PBXBuildFile; fileRef = 91F80FF21CFF1D850029F848 /* RoutePlanner.swift */; };
		91F80FF61CFF1D930029F848 /* RoutePlannerNode.swift in Sources */ = {isa = PBXBuildFile; fileRef = 91F80FF51CFF1D930029F848 /* RoutePlannerNode.swift */; };
		91F80FF71CFF1D930029F848 /* RoutePlannerNode.swift in Sources */ = {isa = PBXBuildFile; fileRef = 91F80FF51CFF1D930029F848 /* RoutePlannerNode.swift */; };
		91F80FFC1CFF1E910029F848 /* RoutePlannerTests.swift in Sources */ = {isa = PBXBuildFile; fileRef = 91F80FFB1CFF1E910029F848 /* RoutePlannerTests.swift */; };
		91F80FFE1CFF20120029F848 /* RoutePlannerQueue.swift in Sources */ = {isa = PBXBuildFile; fileRef = 91F80FFD1CFF20120029F848 /* RoutePlannerQueue.swift */; };
		91F80FFF1CFF20120029F848 /* RoutePlannerQueue.swift in Sources */ = {isa = PBXBuildFile; fileRef = 91F80FFD1CFF20120029F848 /* RoutePlannerQueue.swift */; };
		91F810021CFF610E0029F848 /* MinimalBinarySearchTree.swift in Sources */ = {isa = PBXBuildFile; fileRef = 91F810011CFF610E0029F848 /* MinimalBinarySearchTree.swift */; };
		91F810031CFF610E0029F848 /* MinimalBinarySearchTree.swift in Sources */ = {isa = PBXBuildFile; fileRef = 91F810011CFF610E0029F848 /* MinimalBinarySearchTree.swift */; };
		91F810051CFF611A0029F848 /* MinimalBinarySearchTreeTests.swift in Sources */ = {isa = PBXBuildFile; fileRef = 91F810041CFF611A0029F848 /* MinimalBinarySearchTreeTests.swift */; };
		91F810071CFF62860029F848 /* MinimalBinarySearchTreeNode.swift in Sources */ = {isa = PBXBuildFile; fileRef = 91F810061CFF62860029F848 /* MinimalBinarySearchTreeNode.swift */; };
		91F810081CFF62860029F848 /* MinimalBinarySearchTreeNode.swift in Sources */ = {isa = PBXBuildFile; fileRef = 91F810061CFF62860029F848 /* MinimalBinarySearchTreeNode.swift */; };
		91F8100B1CFF737F0029F848 /* BinarySearchTreeDepth.swift in Sources */ = {isa = PBXBuildFile; fileRef = 91F8100A1CFF737F0029F848 /* BinarySearchTreeDepth.swift */; };
		91F8100C1CFF737F0029F848 /* BinarySearchTreeDepth.swift in Sources */ = {isa = PBXBuildFile; fileRef = 91F8100A1CFF737F0029F848 /* BinarySearchTreeDepth.swift */; };
		91F8100E1CFF73960029F848 /* BinarySearchTreeDepthNode.swift in Sources */ = {isa = PBXBuildFile; fileRef = 91F8100D1CFF73960029F848 /* BinarySearchTreeDepthNode.swift */; };
		91F8100F1CFF73960029F848 /* BinarySearchTreeDepthNode.swift in Sources */ = {isa = PBXBuildFile; fileRef = 91F8100D1CFF73960029F848 /* BinarySearchTreeDepthNode.swift */; };
		91F810111CFF757B0029F848 /* BinarySearchTreeDepthTests.swift in Sources */ = {isa = PBXBuildFile; fileRef = 91F810101CFF757B0029F848 /* BinarySearchTreeDepthTests.swift */; };
		91F8101B1CFF9E330029F848 /* BinarySearchTreeDepthLinkedList.swift in Sources */ = {isa = PBXBuildFile; fileRef = 91F810191CFF9E330029F848 /* BinarySearchTreeDepthLinkedList.swift */; };
		91F8101C1CFF9E330029F848 /* BinarySearchTreeDepthLinkedList.swift in Sources */ = {isa = PBXBuildFile; fileRef = 91F810191CFF9E330029F848 /* BinarySearchTreeDepthLinkedList.swift */; };
		91F8101D1CFF9E330029F848 /* BinarySearchTreeDepthLinkedListNode.swift in Sources */ = {isa = PBXBuildFile; fileRef = 91F8101A1CFF9E330029F848 /* BinarySearchTreeDepthLinkedListNode.swift */; };
		91F8101E1CFF9E330029F848 /* BinarySearchTreeDepthLinkedListNode.swift in Sources */ = {isa = PBXBuildFile; fileRef = 91F8101A1CFF9E330029F848 /* BinarySearchTreeDepthLinkedListNode.swift */; };
		91FE811E1D0045DD00BBE456 /* ProjectBuildOrder.swift in Sources */ = {isa = PBXBuildFile; fileRef = 91FE811D1D0045DD00BBE456 /* ProjectBuildOrder.swift */; };
		91FE811F1D0045DD00BBE456 /* ProjectBuildOrder.swift in Sources */ = {isa = PBXBuildFile; fileRef = 91FE811D1D0045DD00BBE456 /* ProjectBuildOrder.swift */; };
		91FE81211D00464500BBE456 /* ProjectBuildOrderNode.swift in Sources */ = {isa = PBXBuildFile; fileRef = 91FE81201D00464500BBE456 /* ProjectBuildOrderNode.swift */; };
		91FE81221D00464500BBE456 /* ProjectBuildOrderNode.swift in Sources */ = {isa = PBXBuildFile; fileRef = 91FE81201D00464500BBE456 /* ProjectBuildOrderNode.swift */; };
		91FE81241D0046A100BBE456 /* ProjectBuildOrderTests.swift in Sources */ = {isa = PBXBuildFile; fileRef = 91FE81231D0046A100BBE456 /* ProjectBuildOrderTests.swift */; };
		F43170CD1CE7D5270093D062 /* NewYearChaos.swift in Sources */ = {isa = PBXBuildFile; fileRef = F43170CC1CE7D5270093D062 /* NewYearChaos.swift */; };
		F43170CE1CE7D5270093D062 /* NewYearChaos.swift in Sources */ = {isa = PBXBuildFile; fileRef = F43170CC1CE7D5270093D062 /* NewYearChaos.swift */; };
		F43170D01CE7D5360093D062 /* NewYearChaosTests.swift in Sources */ = {isa = PBXBuildFile; fileRef = F43170CF1CE7D5360093D062 /* NewYearChaosTests.swift */; };
		F43170D41CE8B2000093D062 /* SortingIntro.swift in Sources */ = {isa = PBXBuildFile; fileRef = F43170D31CE8B2000093D062 /* SortingIntro.swift */; };
		F43170D51CE8B2000093D062 /* SortingIntro.swift in Sources */ = {isa = PBXBuildFile; fileRef = F43170D31CE8B2000093D062 /* SortingIntro.swift */; };
		F43170D71CE8B20D0093D062 /* SortingIntroTests.swift in Sources */ = {isa = PBXBuildFile; fileRef = F43170D61CE8B20D0093D062 /* SortingIntroTests.swift */; };
		F43170DA1CE8B6740093D062 /* InsertionSort.swift in Sources */ = {isa = PBXBuildFile; fileRef = F43170D91CE8B6740093D062 /* InsertionSort.swift */; };
		F43170DB1CE8B6740093D062 /* InsertionSort.swift in Sources */ = {isa = PBXBuildFile; fileRef = F43170D91CE8B6740093D062 /* InsertionSort.swift */; };
		F43170DD1CE8B9EF0093D062 /* InsertionSortTests.swift in Sources */ = {isa = PBXBuildFile; fileRef = F43170DC1CE8B9EF0093D062 /* InsertionSortTests.swift */; };
		F49EE26F1CDDE2E10062F8B7 /* Summing.swift in Sources */ = {isa = PBXBuildFile; fileRef = F49EE26E1CDDE2E10062F8B7 /* Summing.swift */; };
		F49EE2701CDDE2E40062F8B7 /* Summing.swift in Sources */ = {isa = PBXBuildFile; fileRef = F49EE26E1CDDE2E10062F8B7 /* Summing.swift */; };
		F49EE2721CDDE3230062F8B7 /* SummingTests.swift in Sources */ = {isa = PBXBuildFile; fileRef = F49EE2711CDDE3230062F8B7 /* SummingTests.swift */; };
		F49EE2781CDE090D0062F8B7 /* PercentagesTests.swift in Sources */ = {isa = PBXBuildFile; fileRef = F49EE2771CDE090D0062F8B7 /* PercentagesTests.swift */; };
		F49EE27B1CDE0E300062F8B7 /* Percentages.swift in Sources */ = {isa = PBXBuildFile; fileRef = F49EE27A1CDE0E300062F8B7 /* Percentages.swift */; };
		F49EE27C1CDE0E300062F8B7 /* Percentages.swift in Sources */ = {isa = PBXBuildFile; fileRef = F49EE27A1CDE0E300062F8B7 /* Percentages.swift */; };
		F49EE27F1CDE60CB0062F8B7 /* Staircase.swift in Sources */ = {isa = PBXBuildFile; fileRef = F49EE27E1CDE60CB0062F8B7 /* Staircase.swift */; };
		F49EE2801CDE60CB0062F8B7 /* Staircase.swift in Sources */ = {isa = PBXBuildFile; fileRef = F49EE27E1CDE60CB0062F8B7 /* Staircase.swift */; };
		F49EE2821CDE612E0062F8B7 /* StaircaseTests.swift in Sources */ = {isa = PBXBuildFile; fileRef = F49EE2811CDE612E0062F8B7 /* StaircaseTests.swift */; };
		F49EE2891CDE75B20062F8B7 /* TimeConverter.swift in Sources */ = {isa = PBXBuildFile; fileRef = F49EE2881CDE75B20062F8B7 /* TimeConverter.swift */; };
		F49EE28A1CDE75B20062F8B7 /* TimeConverter.swift in Sources */ = {isa = PBXBuildFile; fileRef = F49EE2881CDE75B20062F8B7 /* TimeConverter.swift */; };
		F49EE28C1CDE75C80062F8B7 /* TimeConverterTests.swift in Sources */ = {isa = PBXBuildFile; fileRef = F49EE28B1CDE75C80062F8B7 /* TimeConverterTests.swift */; };
		F49EE28F1CDE86690062F8B7 /* AngryProfessor.swift in Sources */ = {isa = PBXBuildFile; fileRef = F49EE28E1CDE86690062F8B7 /* AngryProfessor.swift */; };
		F49EE2901CDE86690062F8B7 /* AngryProfessor.swift in Sources */ = {isa = PBXBuildFile; fileRef = F49EE28E1CDE86690062F8B7 /* AngryProfessor.swift */; };
		F49EE2921CDE86750062F8B7 /* AngryProfessorTests.swift in Sources */ = {isa = PBXBuildFile; fileRef = F49EE2911CDE86750062F8B7 /* AngryProfessorTests.swift */; };
		F49EE2951CDE8EB20062F8B7 /* Beast.swift in Sources */ = {isa = PBXBuildFile; fileRef = F49EE2941CDE8EB20062F8B7 /* Beast.swift */; };
		F49EE2961CDE8EB20062F8B7 /* Beast.swift in Sources */ = {isa = PBXBuildFile; fileRef = F49EE2941CDE8EB20062F8B7 /* Beast.swift */; };
		F49EE2981CDE8FF40062F8B7 /* BeastTests.swift in Sources */ = {isa = PBXBuildFile; fileRef = F49EE2971CDE8FF40062F8B7 /* BeastTests.swift */; };
		F49EE29B1CDF37020062F8B7 /* UtopianTree.swift in Sources */ = {isa = PBXBuildFile; fileRef = F49EE29A1CDF37020062F8B7 /* UtopianTree.swift */; };
		F49EE29C1CDF37020062F8B7 /* UtopianTree.swift in Sources */ = {isa = PBXBuildFile; fileRef = F49EE29A1CDF37020062F8B7 /* UtopianTree.swift */; };
		F49EE29E1CDF372F0062F8B7 /* UtopianTreeTests.swift in Sources */ = {isa = PBXBuildFile; fileRef = F49EE29D1CDF372F0062F8B7 /* UtopianTreeTests.swift */; };
		F49EE2A11CDF39E00062F8B7 /* FindDigits.swift in Sources */ = {isa = PBXBuildFile; fileRef = F49EE2A01CDF39E00062F8B7 /* FindDigits.swift */; };
		F49EE2A21CDF39E00062F8B7 /* FindDigits.swift in Sources */ = {isa = PBXBuildFile; fileRef = F49EE2A01CDF39E00062F8B7 /* FindDigits.swift */; };
		F49EE2A41CDF39ED0062F8B7 /* FindDigitsTests.swift in Sources */ = {isa = PBXBuildFile; fileRef = F49EE2A31CDF39ED0062F8B7 /* FindDigitsTests.swift */; };
		F49EE2A71CDFA3190062F8B7 /* SherlockSquares.swift in Sources */ = {isa = PBXBuildFile; fileRef = F49EE2A61CDFA3190062F8B7 /* SherlockSquares.swift */; };
		F49EE2A81CDFA3190062F8B7 /* SherlockSquares.swift in Sources */ = {isa = PBXBuildFile; fileRef = F49EE2A61CDFA3190062F8B7 /* SherlockSquares.swift */; };
		F49EE2AA1CDFA3230062F8B7 /* SherlockSquaresTests.swift in Sources */ = {isa = PBXBuildFile; fileRef = F49EE2A91CDFA3230062F8B7 /* SherlockSquaresTests.swift */; };
		F49EE2AD1CDFC3FA0062F8B7 /* ServiceLane.swift in Sources */ = {isa = PBXBuildFile; fileRef = F49EE2AC1CDFC3FA0062F8B7 /* ServiceLane.swift */; };
		F49EE2AE1CDFC3FA0062F8B7 /* ServiceLane.swift in Sources */ = {isa = PBXBuildFile; fileRef = F49EE2AC1CDFC3FA0062F8B7 /* ServiceLane.swift */; };
		F49EE2B01CDFC5A30062F8B7 /* ServiceLaneTests.swift in Sources */ = {isa = PBXBuildFile; fileRef = F49EE2AF1CDFC5A30062F8B7 /* ServiceLaneTests.swift */; };
		F49EE2B31CDFDB780062F8B7 /* CutTheSticks.swift in Sources */ = {isa = PBXBuildFile; fileRef = F49EE2B21CDFDB780062F8B7 /* CutTheSticks.swift */; };
		F49EE2B41CDFDB780062F8B7 /* CutTheSticks.swift in Sources */ = {isa = PBXBuildFile; fileRef = F49EE2B21CDFDB780062F8B7 /* CutTheSticks.swift */; };
		F49EE2B61CDFDD750062F8B7 /* CutTheSticksTests.swift in Sources */ = {isa = PBXBuildFile; fileRef = F49EE2B51CDFDD750062F8B7 /* CutTheSticksTests.swift */; };
		F49EE2B91CDFE7620062F8B7 /* ChocolateFeast.swift in Sources */ = {isa = PBXBuildFile; fileRef = F49EE2B81CDFE7620062F8B7 /* ChocolateFeast.swift */; };
		F49EE2BA1CDFE7620062F8B7 /* ChocolateFeast.swift in Sources */ = {isa = PBXBuildFile; fileRef = F49EE2B81CDFE7620062F8B7 /* ChocolateFeast.swift */; };
		F49EE2BC1CDFE7D50062F8B7 /* ChocolateFeastTests.swift in Sources */ = {isa = PBXBuildFile; fileRef = F49EE2BB1CDFE7D50062F8B7 /* ChocolateFeastTests.swift */; };
/* End PBXBuildFile section */

/* Begin PBXContainerItemProxy section */
		4353DA531CDB868200A07167 /* PBXContainerItemProxy */ = {
			isa = PBXContainerItemProxy;
			containerPortal = 4353DA341CDB868200A07167 /* Project object */;
			proxyType = 1;
			remoteGlobalIDString = 4353DA3B1CDB868200A07167;
			remoteInfo = WhiteBoardCodingChallenges;
		};
/* End PBXContainerItemProxy section */

/* Begin PBXFileReference section */
		4326858F1CDC9E70005B1E61 /* ReverseStringAndKeepWordOrderingTests.swift */ = {isa = PBXFileReference; fileEncoding = 4; lastKnownFileType = sourcecode.swift; path = ReverseStringAndKeepWordOrderingTests.swift; sourceTree = "<group>"; };
		432685981CDCA129005B1E61 /* Assets.xcassets */ = {isa = PBXFileReference; lastKnownFileType = folder.assetcatalog; path = Assets.xcassets; sourceTree = "<group>"; };
		4326859B1CDCA129005B1E61 /* Base */ = {isa = PBXFileReference; lastKnownFileType = file.storyboard; name = Base; path = Base.lproj/LaunchScreen.storyboard; sourceTree = "<group>"; };
		432685A11CDCA129005B1E61 /* SingleTextFieldViewController.swift */ = {isa = PBXFileReference; fileEncoding = 4; lastKnownFileType = sourcecode.swift; path = SingleTextFieldViewController.swift; sourceTree = "<group>"; };
		432685A31CDCA129005B1E61 /* QuestionsViewController.swift */ = {isa = PBXFileReference; fileEncoding = 4; lastKnownFileType = sourcecode.swift; path = QuestionsViewController.swift; sourceTree = "<group>"; };
		432685AF1CDCA288005B1E61 /* ReverseStringAndKeepWordOrdering.swift */ = {isa = PBXFileReference; fileEncoding = 4; lastKnownFileType = sourcecode.swift; path = ReverseStringAndKeepWordOrdering.swift; sourceTree = "<group>"; };
		432685B31CDCA4AF005B1E61 /* AlphabeticalOrdering.swift */ = {isa = PBXFileReference; fileEncoding = 4; lastKnownFileType = sourcecode.swift; path = AlphabeticalOrdering.swift; sourceTree = "<group>"; };
		432685B61CDCA4C0005B1E61 /* AlphabeticalOrderingTests.swift */ = {isa = PBXFileReference; fileEncoding = 4; lastKnownFileType = sourcecode.swift; path = AlphabeticalOrderingTests.swift; sourceTree = "<group>"; };
		432685B91CDCAD11005B1E61 /* DecimalToBinary.swift */ = {isa = PBXFileReference; fileEncoding = 4; lastKnownFileType = sourcecode.swift; path = DecimalToBinary.swift; sourceTree = "<group>"; };
		432685BC1CDCAD1E005B1E61 /* DecimalToBinaryTests.swift */ = {isa = PBXFileReference; fileEncoding = 4; lastKnownFileType = sourcecode.swift; path = DecimalToBinaryTests.swift; sourceTree = "<group>"; };
		432685BF1CDCCD2A005B1E61 /* Palindrome.swift */ = {isa = PBXFileReference; fileEncoding = 4; lastKnownFileType = sourcecode.swift; path = Palindrome.swift; sourceTree = "<group>"; };
		432685C21CDCCD38005B1E61 /* PalindromeTests.swift */ = {isa = PBXFileReference; fileEncoding = 4; lastKnownFileType = sourcecode.swift; path = PalindromeTests.swift; sourceTree = "<group>"; };
		432685C51CDCD35B005B1E61 /* GreatestCommonDenominator.swift */ = {isa = PBXFileReference; fileEncoding = 4; lastKnownFileType = sourcecode.swift; path = GreatestCommonDenominator.swift; sourceTree = "<group>"; };
		432685C81CDCD36E005B1E61 /* GreatestCommonDenominatorTests.swift */ = {isa = PBXFileReference; fileEncoding = 4; lastKnownFileType = sourcecode.swift; path = GreatestCommonDenominatorTests.swift; sourceTree = "<group>"; };
		432685CB1CDCF664005B1E61 /* Prime.swift */ = {isa = PBXFileReference; fileEncoding = 4; lastKnownFileType = sourcecode.swift; path = Prime.swift; sourceTree = "<group>"; };
		432685CE1CDCF72D005B1E61 /* PrimeTests.swift */ = {isa = PBXFileReference; fileEncoding = 4; lastKnownFileType = sourcecode.swift; path = PrimeTests.swift; sourceTree = "<group>"; };
		433ACF861CE333AC00B3B624 /* ACMICPCTeam.swift */ = {isa = PBXFileReference; fileEncoding = 4; lastKnownFileType = sourcecode.swift; path = ACMICPCTeam.swift; sourceTree = "<group>"; };
		433ACF891CE333B900B3B624 /* ACMICPCTeamTests.swift */ = {isa = PBXFileReference; fileEncoding = 4; lastKnownFileType = sourcecode.swift; path = ACMICPCTeamTests.swift; sourceTree = "<group>"; };
		433ACF8D1CE3921700B3B624 /* DikshasBirthday.swift */ = {isa = PBXFileReference; fileEncoding = 4; lastKnownFileType = sourcecode.swift; path = DikshasBirthday.swift; sourceTree = "<group>"; };
		433ACF901CE3922200B3B624 /* DikshasBirthdayTests.swift */ = {isa = PBXFileReference; fileEncoding = 4; lastKnownFileType = sourcecode.swift; path = DikshasBirthdayTests.swift; sourceTree = "<group>"; };
		4353DA3C1CDB868200A07167 /* WhiteBoardCodingChallenges.app */ = {isa = PBXFileReference; explicitFileType = wrapper.application; includeInIndex = 0; path = WhiteBoardCodingChallenges.app; sourceTree = BUILT_PRODUCTS_DIR; };
		4353DA521CDB868200A07167 /* WhiteBoardCodingChallengesTests.xctest */ = {isa = PBXFileReference; explicitFileType = wrapper.cfbundle; includeInIndex = 0; path = WhiteBoardCodingChallengesTests.xctest; sourceTree = BUILT_PRODUCTS_DIR; };
		4353DA581CDB868200A07167 /* Info.plist */ = {isa = PBXFileReference; lastKnownFileType = text.plist.xml; path = Info.plist; sourceTree = "<group>"; };
		4353DA621CDB86FB00A07167 /* AppDelegate.swift */ = {isa = PBXFileReference; fileEncoding = 4; lastKnownFileType = sourcecode.swift; path = AppDelegate.swift; sourceTree = "<group>"; };
		4353DA6C1CDB86FB00A07167 /* Info.plist */ = {isa = PBXFileReference; fileEncoding = 4; lastKnownFileType = text.plist.xml; path = Info.plist; sourceTree = "<group>"; };
		43635B331CE09FD10004BC05 /* LisasWorkbook.swift */ = {isa = PBXFileReference; fileEncoding = 4; lastKnownFileType = sourcecode.swift; path = LisasWorkbook.swift; sourceTree = "<group>"; };
		43635B361CE09FDE0004BC05 /* LisasWorkbookTests.swift */ = {isa = PBXFileReference; fileEncoding = 4; lastKnownFileType = sourcecode.swift; path = LisasWorkbookTests.swift; sourceTree = "<group>"; };
		436BD3DD1CEB591100C5D7A9 /* BiggerIsGreater.swift */ = {isa = PBXFileReference; fileEncoding = 4; lastKnownFileType = sourcecode.swift; path = BiggerIsGreater.swift; sourceTree = "<group>"; };
		436BD3E01CEB596700C5D7A9 /* BiggerIsGreaterTests.swift */ = {isa = PBXFileReference; fileEncoding = 4; lastKnownFileType = sourcecode.swift; path = BiggerIsGreaterTests.swift; sourceTree = "<group>"; };
		43963CF11CEA08F30049F176 /* QuickSort.swift */ = {isa = PBXFileReference; fileEncoding = 4; lastKnownFileType = sourcecode.swift; path = QuickSort.swift; sourceTree = "<group>"; };
		43963CF41CEA08FF0049F176 /* QuickSortTests.swift */ = {isa = PBXFileReference; fileEncoding = 4; lastKnownFileType = sourcecode.swift; path = QuickSortTests.swift; sourceTree = "<group>"; };
		43D630911CE0CC760023328A /* GridSearch.swift */ = {isa = PBXFileReference; fileEncoding = 4; lastKnownFileType = sourcecode.swift; path = GridSearch.swift; sourceTree = "<group>"; };
		43D630941CE0CC880023328A /* GridSearchTests.swift */ = {isa = PBXFileReference; fileEncoding = 4; lastKnownFileType = sourcecode.swift; path = GridSearchTests.swift; sourceTree = "<group>"; };
		43FB3F071CE4866A00AFCDA7 /* TimeInWords.swift */ = {isa = PBXFileReference; fileEncoding = 4; lastKnownFileType = sourcecode.swift; path = TimeInWords.swift; sourceTree = "<group>"; };
		43FB3F0A1CE4867700AFCDA7 /* TimeInWordsTests.swift */ = {isa = PBXFileReference; fileEncoding = 4; lastKnownFileType = sourcecode.swift; path = TimeInWordsTests.swift; sourceTree = "<group>"; };
		43FB3F0D1CE4994000AFCDA7 /* Kaprekar.swift */ = {isa = PBXFileReference; fileEncoding = 4; lastKnownFileType = sourcecode.swift; path = Kaprekar.swift; sourceTree = "<group>"; };
		43FB3F101CE4994C00AFCDA7 /* KaprekarTests.swift */ = {isa = PBXFileReference; fileEncoding = 4; lastKnownFileType = sourcecode.swift; path = KaprekarTests.swift; sourceTree = "<group>"; };
		43FB3F131CE4C47B00AFCDA7 /* Encryption.swift */ = {isa = PBXFileReference; fileEncoding = 4; lastKnownFileType = sourcecode.swift; path = Encryption.swift; sourceTree = "<group>"; };
		43FB3F161CE4C48600AFCDA7 /* EncryptionTests.swift */ = {isa = PBXFileReference; fileEncoding = 4; lastKnownFileType = sourcecode.swift; path = EncryptionTests.swift; sourceTree = "<group>"; };
		43FB3F191CE4E85200AFCDA7 /* LarrysArray.swift */ = {isa = PBXFileReference; fileEncoding = 4; lastKnownFileType = sourcecode.swift; path = LarrysArray.swift; sourceTree = "<group>"; };
		43FB3F1C1CE4E85D00AFCDA7 /* LarrysArrayTests.swift */ = {isa = PBXFileReference; fileEncoding = 4; lastKnownFileType = sourcecode.swift; path = LarrysArrayTests.swift; sourceTree = "<group>"; };
		43FF2D2F1CE1F35C00D6FCDF /* CavityMapTests.swift */ = {isa = PBXFileReference; fileEncoding = 4; lastKnownFileType = sourcecode.swift; path = CavityMapTests.swift; sourceTree = "<group>"; };
		43FF2D311CE1F36A00D6FCDF /* CavityMap.swift */ = {isa = PBXFileReference; fileEncoding = 4; lastKnownFileType = sourcecode.swift; path = CavityMap.swift; sourceTree = "<group>"; };
		43FF2D341CE214EE00D6FCDF /* CaesarCipherTests.swift */ = {isa = PBXFileReference; fileEncoding = 4; lastKnownFileType = sourcecode.swift; path = CaesarCipherTests.swift; sourceTree = "<group>"; };
		43FF2D371CE2151300D6FCDF /* CaesarCipher.swift */ = {isa = PBXFileReference; fileEncoding = 4; lastKnownFileType = sourcecode.swift; path = CaesarCipher.swift; sourceTree = "<group>"; };
		43FF2D3B1CE2387900D6FCDF /* LibraryFine.swift */ = {isa = PBXFileReference; fileEncoding = 4; lastKnownFileType = sourcecode.swift; path = LibraryFine.swift; sourceTree = "<group>"; };
		43FF2D3E1CE2388800D6FCDF /* LibraryFineTests.swift */ = {isa = PBXFileReference; fileEncoding = 4; lastKnownFileType = sourcecode.swift; path = LibraryFineTests.swift; sourceTree = "<group>"; };
		43FF2D411CE2466600D6FCDF /* ManasaAndStones.swift */ = {isa = PBXFileReference; fileEncoding = 4; lastKnownFileType = sourcecode.swift; path = ManasaAndStones.swift; sourceTree = "<group>"; };
		43FF2D441CE2467100D6FCDF /* ManasaAndStonesTests.swift */ = {isa = PBXFileReference; fileEncoding = 4; lastKnownFileType = sourcecode.swift; path = ManasaAndStonesTests.swift; sourceTree = "<group>"; };
		910597061CFC50B80057BD82 /* PalindromePermutation.swift */ = {isa = PBXFileReference; fileEncoding = 4; lastKnownFileType = sourcecode.swift; path = PalindromePermutation.swift; sourceTree = "<group>"; };
		910597091CFC51090057BD82 /* PalindromePermutationTests.swift */ = {isa = PBXFileReference; fileEncoding = 4; lastKnownFileType = sourcecode.swift; path = PalindromePermutationTests.swift; sourceTree = "<group>"; };
		9105970C1CFC59D20057BD82 /* ReconstructBinaryTreeNode.swift */ = {isa = PBXFileReference; fileEncoding = 4; lastKnownFileType = sourcecode.swift; path = ReconstructBinaryTreeNode.swift; sourceTree = "<group>"; };
		9105970D1CFC59D20057BD82 /* ReconstructBinaryTree.swift */ = {isa = PBXFileReference; fileEncoding = 4; lastKnownFileType = sourcecode.swift; path = ReconstructBinaryTree.swift; sourceTree = "<group>"; };
		910597131CFC5D220057BD82 /* OffByOne.swift */ = {isa = PBXFileReference; fileEncoding = 4; lastKnownFileType = sourcecode.swift; path = OffByOne.swift; sourceTree = "<group>"; };
		910597161CFC5D2F0057BD82 /* OffByOneTests.swift */ = {isa = PBXFileReference; fileEncoding = 4; lastKnownFileType = sourcecode.swift; path = OffByOneTests.swift; sourceTree = "<group>"; };
		910597191CFCAEDE0057BD82 /* LinkedListIntersectingNode.swift */ = {isa = PBXFileReference; fileEncoding = 4; lastKnownFileType = sourcecode.swift; path = LinkedListIntersectingNode.swift; sourceTree = "<group>"; };
		9105971C1CFCAEEA0057BD82 /* LinkedListNode.swift */ = {isa = PBXFileReference; fileEncoding = 4; lastKnownFileType = sourcecode.swift; path = LinkedListNode.swift; sourceTree = "<group>"; };
		9105971F1CFCAF410057BD82 /* SingleLinkedList.swift */ = {isa = PBXFileReference; fileEncoding = 4; lastKnownFileType = sourcecode.swift; path = SingleLinkedList.swift; sourceTree = "<group>"; };
		910597221CFCB1090057BD82 /* LinkedListIntersectingNodeTests.swift */ = {isa = PBXFileReference; fileEncoding = 4; lastKnownFileType = sourcecode.swift; path = LinkedListIntersectingNodeTests.swift; sourceTree = "<group>"; };
		912A54C91D0AFF2400CF7242 /* MaximumSubarray.swift */ = {isa = PBXFileReference; fileEncoding = 4; lastKnownFileType = sourcecode.swift; path = MaximumSubarray.swift; sourceTree = "<group>"; };
		912A54CC1D0AFF9900CF7242 /* MaximumSubarrayTests.swift */ = {isa = PBXFileReference; fileEncoding = 4; lastKnownFileType = sourcecode.swift; path = MaximumSubarrayTests.swift; sourceTree = "<group>"; };
		915E1FD51CFB094200F13872 /* ReconstructBinaryTreeTests.swift */ = {isa = PBXFileReference; fileEncoding = 4; lastKnownFileType = sourcecode.swift; path = ReconstructBinaryTreeTests.swift; sourceTree = "<group>"; };
		9189B1981CFCB7610048B1C7 /* CircularLinkedList.swift */ = {isa = PBXFileReference; fileEncoding = 4; lastKnownFileType = sourcecode.swift; path = CircularLinkedList.swift; sourceTree = "<group>"; };
		9189B19B1CFCB8250048B1C7 /* CircularLinkedListTests.swift */ = {isa = PBXFileReference; fileEncoding = 4; lastKnownFileType = sourcecode.swift; path = CircularLinkedListTests.swift; sourceTree = "<group>"; };
		91F80FC21CFDA0280029F848 /* BinarySearchTree.swift */ = {isa = PBXFileReference; fileEncoding = 4; lastKnownFileType = sourcecode.swift; path = BinarySearchTree.swift; sourceTree = "<group>"; };
		91F80FC51CFDA0360029F848 /* BinarySearchTreeNode.swift */ = {isa = PBXFileReference; fileEncoding = 4; lastKnownFileType = sourcecode.swift; path = BinarySearchTreeNode.swift; sourceTree = "<group>"; };
		91F80FC81CFDA2F00029F848 /* BinarySearchTreeTests.swift */ = {isa = PBXFileReference; fileEncoding = 4; lastKnownFileType = sourcecode.swift; path = BinarySearchTreeTests.swift; sourceTree = "<group>"; };
		91F80FCD1CFDB06F0029F848 /* LevelTraversalQueue.swift */ = {isa = PBXFileReference; fileEncoding = 4; lastKnownFileType = sourcecode.swift; path = LevelTraversalQueue.swift; sourceTree = "<group>"; };
		91F80FD11CFEFC830029F848 /* MinStack.swift */ = {isa = PBXFileReference; fileEncoding = 4; lastKnownFileType = sourcecode.swift; path = MinStack.swift; sourceTree = "<group>"; };
		91F80FD41CFEFC920029F848 /* MinStackTests.swift */ = {isa = PBXFileReference; fileEncoding = 4; lastKnownFileType = sourcecode.swift; path = MinStackTests.swift; sourceTree = "<group>"; };
		91F80FD61CFEFCB70029F848 /* MinStackNode.swift */ = {isa = PBXFileReference; fileEncoding = 4; lastKnownFileType = sourcecode.swift; path = MinStackNode.swift; sourceTree = "<group>"; };
		91F80FDA1CFF09BB0029F848 /* StackOfPlates.swift */ = {isa = PBXFileReference; fileEncoding = 4; lastKnownFileType = sourcecode.swift; path = StackOfPlates.swift; sourceTree = "<group>"; };
		91F80FDD1CFF09FD0029F848 /* StackOfPlatesNode.swift */ = {isa = PBXFileReference; fileEncoding = 4; lastKnownFileType = sourcecode.swift; path = StackOfPlatesNode.swift; sourceTree = "<group>"; };
		91F80FE01CFF0A9A0029F848 /* StackOfPlatesStack.swift */ = {isa = PBXFileReference; fileEncoding = 4; lastKnownFileType = sourcecode.swift; path = StackOfPlatesStack.swift; sourceTree = "<group>"; };
		91F80FE31CFF0DD10029F848 /* StackOfPlatesTests.swift */ = {isa = PBXFileReference; fileEncoding = 4; lastKnownFileType = sourcecode.swift; path = StackOfPlatesTests.swift; sourceTree = "<group>"; };
		91F80FE61CFF12070029F848 /* QueueViaStacks.swift */ = {isa = PBXFileReference; fileEncoding = 4; lastKnownFileType = sourcecode.swift; path = QueueViaStacks.swift; sourceTree = "<group>"; };
		91F80FEC1CFF12DB0029F848 /* QueueViaStacksStack.swift */ = {isa = PBXFileReference; fileEncoding = 4; lastKnownFileType = sourcecode.swift; path = QueueViaStacksStack.swift; sourceTree = "<group>"; };
		91F80FEF1CFF158A0029F848 /* QueueViaStacksTests.swift */ = {isa = PBXFileReference; fileEncoding = 4; lastKnownFileType = sourcecode.swift; path = QueueViaStacksTests.swift; sourceTree = "<group>"; };
		91F80FF21CFF1D850029F848 /* RoutePlanner.swift */ = {isa = PBXFileReference; fileEncoding = 4; lastKnownFileType = sourcecode.swift; path = RoutePlanner.swift; sourceTree = "<group>"; };
		91F80FF51CFF1D930029F848 /* RoutePlannerNode.swift */ = {isa = PBXFileReference; fileEncoding = 4; lastKnownFileType = sourcecode.swift; path = RoutePlannerNode.swift; sourceTree = "<group>"; };
		91F80FFB1CFF1E910029F848 /* RoutePlannerTests.swift */ = {isa = PBXFileReference; fileEncoding = 4; lastKnownFileType = sourcecode.swift; path = RoutePlannerTests.swift; sourceTree = "<group>"; };
		91F80FFD1CFF20120029F848 /* RoutePlannerQueue.swift */ = {isa = PBXFileReference; fileEncoding = 4; lastKnownFileType = sourcecode.swift; path = RoutePlannerQueue.swift; sourceTree = "<group>"; };
		91F810011CFF610E0029F848 /* MinimalBinarySearchTree.swift */ = {isa = PBXFileReference; fileEncoding = 4; lastKnownFileType = sourcecode.swift; path = MinimalBinarySearchTree.swift; sourceTree = "<group>"; };
		91F810041CFF611A0029F848 /* MinimalBinarySearchTreeTests.swift */ = {isa = PBXFileReference; fileEncoding = 4; lastKnownFileType = sourcecode.swift; path = MinimalBinarySearchTreeTests.swift; sourceTree = "<group>"; };
		91F810061CFF62860029F848 /* MinimalBinarySearchTreeNode.swift */ = {isa = PBXFileReference; fileEncoding = 4; lastKnownFileType = sourcecode.swift; path = MinimalBinarySearchTreeNode.swift; sourceTree = "<group>"; };
		91F8100A1CFF737F0029F848 /* BinarySearchTreeDepth.swift */ = {isa = PBXFileReference; fileEncoding = 4; lastKnownFileType = sourcecode.swift; path = BinarySearchTreeDepth.swift; sourceTree = "<group>"; };
		91F8100D1CFF73960029F848 /* BinarySearchTreeDepthNode.swift */ = {isa = PBXFileReference; fileEncoding = 4; lastKnownFileType = sourcecode.swift; path = BinarySearchTreeDepthNode.swift; sourceTree = "<group>"; };
		91F810101CFF757B0029F848 /* BinarySearchTreeDepthTests.swift */ = {isa = PBXFileReference; fileEncoding = 4; lastKnownFileType = sourcecode.swift; path = BinarySearchTreeDepthTests.swift; sourceTree = "<group>"; };
		91F810191CFF9E330029F848 /* BinarySearchTreeDepthLinkedList.swift */ = {isa = PBXFileReference; fileEncoding = 4; lastKnownFileType = sourcecode.swift; path = BinarySearchTreeDepthLinkedList.swift; sourceTree = "<group>"; };
		91F8101A1CFF9E330029F848 /* BinarySearchTreeDepthLinkedListNode.swift */ = {isa = PBXFileReference; fileEncoding = 4; lastKnownFileType = sourcecode.swift; path = BinarySearchTreeDepthLinkedListNode.swift; sourceTree = "<group>"; };
		91FE811D1D0045DD00BBE456 /* ProjectBuildOrder.swift */ = {isa = PBXFileReference; fileEncoding = 4; lastKnownFileType = sourcecode.swift; path = ProjectBuildOrder.swift; sourceTree = "<group>"; };
		91FE81201D00464500BBE456 /* ProjectBuildOrderNode.swift */ = {isa = PBXFileReference; fileEncoding = 4; lastKnownFileType = sourcecode.swift; path = ProjectBuildOrderNode.swift; sourceTree = "<group>"; };
		91FE81231D0046A100BBE456 /* ProjectBuildOrderTests.swift */ = {isa = PBXFileReference; fileEncoding = 4; lastKnownFileType = sourcecode.swift; path = ProjectBuildOrderTests.swift; sourceTree = "<group>"; };
		F43170CC1CE7D5270093D062 /* NewYearChaos.swift */ = {isa = PBXFileReference; fileEncoding = 4; lastKnownFileType = sourcecode.swift; path = NewYearChaos.swift; sourceTree = "<group>"; };
		F43170CF1CE7D5360093D062 /* NewYearChaosTests.swift */ = {isa = PBXFileReference; fileEncoding = 4; lastKnownFileType = sourcecode.swift; path = NewYearChaosTests.swift; sourceTree = "<group>"; };
		F43170D31CE8B2000093D062 /* SortingIntro.swift */ = {isa = PBXFileReference; fileEncoding = 4; lastKnownFileType = sourcecode.swift; path = SortingIntro.swift; sourceTree = "<group>"; };
		F43170D61CE8B20D0093D062 /* SortingIntroTests.swift */ = {isa = PBXFileReference; fileEncoding = 4; lastKnownFileType = sourcecode.swift; path = SortingIntroTests.swift; sourceTree = "<group>"; };
		F43170D91CE8B6740093D062 /* InsertionSort.swift */ = {isa = PBXFileReference; fileEncoding = 4; lastKnownFileType = sourcecode.swift; path = InsertionSort.swift; sourceTree = "<group>"; };
		F43170DC1CE8B9EF0093D062 /* InsertionSortTests.swift */ = {isa = PBXFileReference; fileEncoding = 4; lastKnownFileType = sourcecode.swift; path = InsertionSortTests.swift; sourceTree = "<group>"; };
		F49EE26E1CDDE2E10062F8B7 /* Summing.swift */ = {isa = PBXFileReference; fileEncoding = 4; lastKnownFileType = sourcecode.swift; path = Summing.swift; sourceTree = "<group>"; };
		F49EE2711CDDE3230062F8B7 /* SummingTests.swift */ = {isa = PBXFileReference; fileEncoding = 4; lastKnownFileType = sourcecode.swift; path = SummingTests.swift; sourceTree = "<group>"; };
		F49EE2771CDE090D0062F8B7 /* PercentagesTests.swift */ = {isa = PBXFileReference; fileEncoding = 4; lastKnownFileType = sourcecode.swift; path = PercentagesTests.swift; sourceTree = "<group>"; };
		F49EE27A1CDE0E300062F8B7 /* Percentages.swift */ = {isa = PBXFileReference; fileEncoding = 4; lastKnownFileType = sourcecode.swift; path = Percentages.swift; sourceTree = "<group>"; };
		F49EE27E1CDE60CB0062F8B7 /* Staircase.swift */ = {isa = PBXFileReference; fileEncoding = 4; lastKnownFileType = sourcecode.swift; path = Staircase.swift; sourceTree = "<group>"; };
		F49EE2811CDE612E0062F8B7 /* StaircaseTests.swift */ = {isa = PBXFileReference; fileEncoding = 4; lastKnownFileType = sourcecode.swift; path = StaircaseTests.swift; sourceTree = "<group>"; };
		F49EE2881CDE75B20062F8B7 /* TimeConverter.swift */ = {isa = PBXFileReference; fileEncoding = 4; lastKnownFileType = sourcecode.swift; path = TimeConverter.swift; sourceTree = "<group>"; };
		F49EE28B1CDE75C80062F8B7 /* TimeConverterTests.swift */ = {isa = PBXFileReference; fileEncoding = 4; lastKnownFileType = sourcecode.swift; path = TimeConverterTests.swift; sourceTree = "<group>"; };
		F49EE28E1CDE86690062F8B7 /* AngryProfessor.swift */ = {isa = PBXFileReference; fileEncoding = 4; lastKnownFileType = sourcecode.swift; path = AngryProfessor.swift; sourceTree = "<group>"; };
		F49EE2911CDE86750062F8B7 /* AngryProfessorTests.swift */ = {isa = PBXFileReference; fileEncoding = 4; lastKnownFileType = sourcecode.swift; path = AngryProfessorTests.swift; sourceTree = "<group>"; };
		F49EE2941CDE8EB20062F8B7 /* Beast.swift */ = {isa = PBXFileReference; fileEncoding = 4; lastKnownFileType = sourcecode.swift; path = Beast.swift; sourceTree = "<group>"; };
		F49EE2971CDE8FF40062F8B7 /* BeastTests.swift */ = {isa = PBXFileReference; fileEncoding = 4; lastKnownFileType = sourcecode.swift; path = BeastTests.swift; sourceTree = "<group>"; };
		F49EE29A1CDF37020062F8B7 /* UtopianTree.swift */ = {isa = PBXFileReference; fileEncoding = 4; lastKnownFileType = sourcecode.swift; path = UtopianTree.swift; sourceTree = "<group>"; };
		F49EE29D1CDF372F0062F8B7 /* UtopianTreeTests.swift */ = {isa = PBXFileReference; fileEncoding = 4; lastKnownFileType = sourcecode.swift; path = UtopianTreeTests.swift; sourceTree = "<group>"; };
		F49EE2A01CDF39E00062F8B7 /* FindDigits.swift */ = {isa = PBXFileReference; fileEncoding = 4; lastKnownFileType = sourcecode.swift; path = FindDigits.swift; sourceTree = "<group>"; };
		F49EE2A31CDF39ED0062F8B7 /* FindDigitsTests.swift */ = {isa = PBXFileReference; fileEncoding = 4; lastKnownFileType = sourcecode.swift; path = FindDigitsTests.swift; sourceTree = "<group>"; };
		F49EE2A61CDFA3190062F8B7 /* SherlockSquares.swift */ = {isa = PBXFileReference; fileEncoding = 4; lastKnownFileType = sourcecode.swift; path = SherlockSquares.swift; sourceTree = "<group>"; };
		F49EE2A91CDFA3230062F8B7 /* SherlockSquaresTests.swift */ = {isa = PBXFileReference; fileEncoding = 4; lastKnownFileType = sourcecode.swift; path = SherlockSquaresTests.swift; sourceTree = "<group>"; };
		F49EE2AC1CDFC3FA0062F8B7 /* ServiceLane.swift */ = {isa = PBXFileReference; fileEncoding = 4; lastKnownFileType = sourcecode.swift; path = ServiceLane.swift; sourceTree = "<group>"; };
		F49EE2AF1CDFC5A30062F8B7 /* ServiceLaneTests.swift */ = {isa = PBXFileReference; fileEncoding = 4; lastKnownFileType = sourcecode.swift; path = ServiceLaneTests.swift; sourceTree = "<group>"; };
		F49EE2B21CDFDB780062F8B7 /* CutTheSticks.swift */ = {isa = PBXFileReference; fileEncoding = 4; lastKnownFileType = sourcecode.swift; path = CutTheSticks.swift; sourceTree = "<group>"; };
		F49EE2B51CDFDD750062F8B7 /* CutTheSticksTests.swift */ = {isa = PBXFileReference; fileEncoding = 4; lastKnownFileType = sourcecode.swift; path = CutTheSticksTests.swift; sourceTree = "<group>"; };
		F49EE2B81CDFE7620062F8B7 /* ChocolateFeast.swift */ = {isa = PBXFileReference; fileEncoding = 4; lastKnownFileType = sourcecode.swift; path = ChocolateFeast.swift; sourceTree = "<group>"; };
		F49EE2BB1CDFE7D50062F8B7 /* ChocolateFeastTests.swift */ = {isa = PBXFileReference; fileEncoding = 4; lastKnownFileType = sourcecode.swift; path = ChocolateFeastTests.swift; sourceTree = "<group>"; };
/* End PBXFileReference section */

/* Begin PBXFrameworksBuildPhase section */
		4353DA391CDB868200A07167 /* Frameworks */ = {
			isa = PBXFrameworksBuildPhase;
			buildActionMask = 2147483647;
			files = (
			);
			runOnlyForDeploymentPostprocessing = 0;
		};
		4353DA4F1CDB868200A07167 /* Frameworks */ = {
			isa = PBXFrameworksBuildPhase;
			buildActionMask = 2147483647;
			files = (
			);
			runOnlyForDeploymentPostprocessing = 0;
		};
/* End PBXFrameworksBuildPhase section */

/* Begin PBXGroup section */
		432685911CDC9F6C005B1E61 /* Challenges */ = {
			isa = PBXGroup;
			children = (
				433ACF851CE3339D00B3B624 /* ACMICPCTeam */,
				432685B21CDCA499005B1E61 /* AlphabeticalOrdering */,
				F49EE28D1CDE864F0062F8B7 /* AngryProfessor */,
				F49EE2931CDE8EA30062F8B7 /* Beast */,
				436BD3DC1CEB590200C5D7A9 /* BiggerIsGreater */,
				91F80FC11CFDA0130029F848 /* BinarySearchTree */,
				91F810091CFF73630029F848 /* BinarySearchTreeDepth */,
				91FE811C1D0045CE00BBE456 /* BuildOrder */,
				43FF2D361CE2150200D6FCDF /* CaesarCipher */,
				43FF2D2C1CE1F33500D6FCDF /* CavityMap */,
				F49EE2B71CDFE7530062F8B7 /* ChocolateFeast */,
				9189B1971CFCB74E0048B1C7 /* CircularLinkedList */,
				F49EE2B11CDFDB6A0062F8B7 /* CutTheSticks */,
				432685B81CDCAD01005B1E61 /* DecimalToBinary */,
				433ACF8C1CE3920600B3B624 /* DikshasBirthday */,
				43FB3F121CE4C47000AFCDA7 /* Encryption */,
				F49EE29F1CDF39D40062F8B7 /* FindDigits */,
				432685C41CDCD348005B1E61 /* GreatestCommonDenominator */,
				43D630901CE0CC680023328A /* GridSearch */,
				F43170D81CE8B6660093D062 /* InsertionSort */,
				910597181CFCAEB70057BD82 /* IntersectingNode */,
				43FB3F0C1CE4993100AFCDA7 /* Kaprekar */,
				43FB3F181CE4E84000AFCDA7 /* LarrysArray */,
				43FF2D3A1CE2386800D6FCDF /* LibraryFine */,
				43635B321CE09FBF0004BC05 /* LisasWorkbook */,
				43FF2D401CE2465400D6FCDF /* ManasaAndStones */,
				912A54C81D0AFF0700CF7242 /* MaximumSubarray */,
				91F810001CFF60FA0029F848 /* MinimalTree */,
				91F80FD01CFEFC700029F848 /* MinStack */,
				F43170CB1CE7D5070093D062 /* NewYearChaos */,
				910597121CFC5D0F0057BD82 /* OffByOne */,
				432685BE1CDCCD1A005B1E61 /* Palindrome */,
				910597051CFC50930057BD82 /* PalindromePermutation */,
				F49EE2791CDE0E300062F8B7 /* Percentages */,
				432685CA1CDCF656005B1E61 /* Prime */,
				91F80FE51CFF11EB0029F848 /* QueueViaStacks */,
				43963CF01CEA08E10049F176 /* QuickSort */,
				9105970B1CFC59D20057BD82 /* ReconstructBinaryTree */,
				432685AE1CDCA288005B1E61 /* ReverseString */,
				91F80FF11CFF1D6F0029F848 /* RoutePlanner */,
				F49EE2AB1CDFC3DD0062F8B7 /* ServiceLane */,
				F49EE2A51CDFA30C0062F8B7 /* SherlockSquares */,
				F43170D21CE8B1EE0093D062 /* SortingIntro */,
				91F80FD91CFF09A20029F848 /* StackOfPlates */,
				F49EE27D1CDE60B90062F8B7 /* Staircase */,
				F49EE26D1CDDE2D10062F8B7 /* Summing */,
				F49EE2871CDE75B20062F8B7 /* TimeConverter */,
				43FB3F061CE4865A00AFCDA7 /* TimeInWords */,
				F49EE2991CDF36F10062F8B7 /* UtopianTree */,
			);
			path = Challenges;
			sourceTree = "<group>";
		};
		432685961CDCA129005B1E61 /* Resources */ = {
			isa = PBXGroup;
			children = (
				432685971CDCA129005B1E61 /* Images */,
				432685991CDCA129005B1E61 /* StoryBoards */,
			);
			path = Resources;
			sourceTree = "<group>";
		};
		432685971CDCA129005B1E61 /* Images */ = {
			isa = PBXGroup;
			children = (
				432685981CDCA129005B1E61 /* Assets.xcassets */,
			);
			path = Images;
			sourceTree = "<group>";
		};
		432685991CDCA129005B1E61 /* StoryBoards */ = {
			isa = PBXGroup;
			children = (
				4326859A1CDCA129005B1E61 /* LaunchScreen.storyboard */,
			);
			path = StoryBoards;
			sourceTree = "<group>";
		};
		4326859E1CDCA129005B1E61 /* ViewControllers */ = {
			isa = PBXGroup;
			children = (
				4326859F1CDCA129005B1E61 /* Example */,
				432685A21CDCA129005B1E61 /* Questions */,
			);
			path = ViewControllers;
			sourceTree = "<group>";
		};
		4326859F1CDCA129005B1E61 /* Example */ = {
			isa = PBXGroup;
			children = (
				432685A01CDCA129005B1E61 /* SingleTextField */,
			);
			path = Example;
			sourceTree = "<group>";
		};
		432685A01CDCA129005B1E61 /* SingleTextField */ = {
			isa = PBXGroup;
			children = (
				432685A11CDCA129005B1E61 /* SingleTextFieldViewController.swift */,
			);
			path = SingleTextField;
			sourceTree = "<group>";
		};
		432685A21CDCA129005B1E61 /* Questions */ = {
			isa = PBXGroup;
			children = (
				432685A31CDCA129005B1E61 /* QuestionsViewController.swift */,
			);
			path = Questions;
			sourceTree = "<group>";
		};
		432685AE1CDCA288005B1E61 /* ReverseString */ = {
			isa = PBXGroup;
			children = (
				432685AF1CDCA288005B1E61 /* ReverseStringAndKeepWordOrdering.swift */,
			);
			path = ReverseString;
			sourceTree = "<group>";
		};
		432685B21CDCA499005B1E61 /* AlphabeticalOrdering */ = {
			isa = PBXGroup;
			children = (
				432685B31CDCA4AF005B1E61 /* AlphabeticalOrdering.swift */,
			);
			path = AlphabeticalOrdering;
			sourceTree = "<group>";
		};
		432685B81CDCAD01005B1E61 /* DecimalToBinary */ = {
			isa = PBXGroup;
			children = (
				432685B91CDCAD11005B1E61 /* DecimalToBinary.swift */,
			);
			path = DecimalToBinary;
			sourceTree = "<group>";
		};
		432685BE1CDCCD1A005B1E61 /* Palindrome */ = {
			isa = PBXGroup;
			children = (
				432685BF1CDCCD2A005B1E61 /* Palindrome.swift */,
			);
			path = Palindrome;
			sourceTree = "<group>";
		};
		432685C41CDCD348005B1E61 /* GreatestCommonDenominator */ = {
			isa = PBXGroup;
			children = (
				432685C51CDCD35B005B1E61 /* GreatestCommonDenominator.swift */,
			);
			path = GreatestCommonDenominator;
			sourceTree = "<group>";
		};
		432685CA1CDCF656005B1E61 /* Prime */ = {
			isa = PBXGroup;
			children = (
				432685CB1CDCF664005B1E61 /* Prime.swift */,
			);
			path = Prime;
			sourceTree = "<group>";
		};
		433ACF851CE3339D00B3B624 /* ACMICPCTeam */ = {
			isa = PBXGroup;
			children = (
				433ACF861CE333AC00B3B624 /* ACMICPCTeam.swift */,
			);
			path = ACMICPCTeam;
			sourceTree = "<group>";
		};
		433ACF8C1CE3920600B3B624 /* DikshasBirthday */ = {
			isa = PBXGroup;
			children = (
				433ACF8D1CE3921700B3B624 /* DikshasBirthday.swift */,
			);
			path = DikshasBirthday;
			sourceTree = "<group>";
		};
		4353DA331CDB868200A07167 = {
			isa = PBXGroup;
			children = (
				4353DA3E1CDB868200A07167 /* WhiteBoardCodingChallenges */,
				4353DA551CDB868200A07167 /* WhiteBoardCodingChallengesTests */,
				4353DA3D1CDB868200A07167 /* Products */,
			);
			sourceTree = "<group>";
		};
		4353DA3D1CDB868200A07167 /* Products */ = {
			isa = PBXGroup;
			children = (
				4353DA3C1CDB868200A07167 /* WhiteBoardCodingChallenges.app */,
				4353DA521CDB868200A07167 /* WhiteBoardCodingChallengesTests.xctest */,
			);
			name = Products;
			sourceTree = "<group>";
		};
		4353DA3E1CDB868200A07167 /* WhiteBoardCodingChallenges */ = {
			isa = PBXGroup;
			children = (
				4353DA611CDB86FB00A07167 /* AppDelegate */,
				432685911CDC9F6C005B1E61 /* Challenges */,
				432685961CDCA129005B1E61 /* Resources */,
				4353DA6B1CDB86FB00A07167 /* SupportingFiles */,
				4326859E1CDCA129005B1E61 /* ViewControllers */,
			);
			path = WhiteBoardCodingChallenges;
			sourceTree = "<group>";
		};
		4353DA551CDB868200A07167 /* WhiteBoardCodingChallengesTests */ = {
			isa = PBXGroup;
			children = (
				433ACF891CE333B900B3B624 /* ACMICPCTeamTests.swift */,
				432685B61CDCA4C0005B1E61 /* AlphabeticalOrderingTests.swift */,
				F49EE2911CDE86750062F8B7 /* AngryProfessorTests.swift */,
				F49EE2971CDE8FF40062F8B7 /* BeastTests.swift */,
				436BD3E01CEB596700C5D7A9 /* BiggerIsGreaterTests.swift */,
				91F810101CFF757B0029F848 /* BinarySearchTreeDepthTests.swift */,
				91F80FC81CFDA2F00029F848 /* BinarySearchTreeTests.swift */,
				43FF2D341CE214EE00D6FCDF /* CaesarCipherTests.swift */,
				43FF2D2F1CE1F35C00D6FCDF /* CavityMapTests.swift */,
				F49EE2BB1CDFE7D50062F8B7 /* ChocolateFeastTests.swift */,
				9189B19B1CFCB8250048B1C7 /* CircularLinkedListTests.swift */,
				F49EE2B51CDFDD750062F8B7 /* CutTheSticksTests.swift */,
				432685BC1CDCAD1E005B1E61 /* DecimalToBinaryTests.swift */,
				433ACF901CE3922200B3B624 /* DikshasBirthdayTests.swift */,
				43FB3F161CE4C48600AFCDA7 /* EncryptionTests.swift */,
				F49EE2A31CDF39ED0062F8B7 /* FindDigitsTests.swift */,
				432685C81CDCD36E005B1E61 /* GreatestCommonDenominatorTests.swift */,
				43D630941CE0CC880023328A /* GridSearchTests.swift */,
				4353DA581CDB868200A07167 /* Info.plist */,
				F43170DC1CE8B9EF0093D062 /* InsertionSortTests.swift */,
				43FB3F101CE4994C00AFCDA7 /* KaprekarTests.swift */,
				43FB3F1C1CE4E85D00AFCDA7 /* LarrysArrayTests.swift */,
				43FF2D3E1CE2388800D6FCDF /* LibraryFineTests.swift */,
				910597221CFCB1090057BD82 /* LinkedListIntersectingNodeTests.swift */,
				43635B361CE09FDE0004BC05 /* LisasWorkbookTests.swift */,
				43FF2D441CE2467100D6FCDF /* ManasaAndStonesTests.swift */,
				912A54CC1D0AFF9900CF7242 /* MaximumSubarrayTests.swift */,
				91F810041CFF611A0029F848 /* MinimalBinarySearchTreeTests.swift */,
				91F80FD41CFEFC920029F848 /* MinStackTests.swift */,
				F43170CF1CE7D5360093D062 /* NewYearChaosTests.swift */,
				910597161CFC5D2F0057BD82 /* OffByOneTests.swift */,
				910597091CFC51090057BD82 /* PalindromePermutationTests.swift */,
				432685C21CDCCD38005B1E61 /* PalindromeTests.swift */,
				F49EE2771CDE090D0062F8B7 /* PercentagesTests.swift */,
				432685CE1CDCF72D005B1E61 /* PrimeTests.swift */,
				91FE81231D0046A100BBE456 /* ProjectBuildOrderTests.swift */,
				91F80FEF1CFF158A0029F848 /* QueueViaStacksTests.swift */,
				43963CF41CEA08FF0049F176 /* QuickSortTests.swift */,
				915E1FD51CFB094200F13872 /* ReconstructBinaryTreeTests.swift */,
				4326858F1CDC9E70005B1E61 /* ReverseStringAndKeepWordOrderingTests.swift */,
				91F80FFB1CFF1E910029F848 /* RoutePlannerTests.swift */,
				F49EE2AF1CDFC5A30062F8B7 /* ServiceLaneTests.swift */,
				F49EE2A91CDFA3230062F8B7 /* SherlockSquaresTests.swift */,
				F43170D61CE8B20D0093D062 /* SortingIntroTests.swift */,
				91F80FE31CFF0DD10029F848 /* StackOfPlatesTests.swift */,
				F49EE2811CDE612E0062F8B7 /* StaircaseTests.swift */,
				F49EE2711CDDE3230062F8B7 /* SummingTests.swift */,
				F49EE28B1CDE75C80062F8B7 /* TimeConverterTests.swift */,
				43FB3F0A1CE4867700AFCDA7 /* TimeInWordsTests.swift */,
				F49EE29D1CDF372F0062F8B7 /* UtopianTreeTests.swift */,
			);
			path = WhiteBoardCodingChallengesTests;
			sourceTree = "<group>";
		};
		4353DA611CDB86FB00A07167 /* AppDelegate */ = {
			isa = PBXGroup;
			children = (
				4353DA621CDB86FB00A07167 /* AppDelegate.swift */,
			);
			path = AppDelegate;
			sourceTree = "<group>";
		};
		4353DA6B1CDB86FB00A07167 /* SupportingFiles */ = {
			isa = PBXGroup;
			children = (
				4353DA6C1CDB86FB00A07167 /* Info.plist */,
			);
			path = SupportingFiles;
			sourceTree = "<group>";
		};
		43635B321CE09FBF0004BC05 /* LisasWorkbook */ = {
			isa = PBXGroup;
			children = (
				43635B331CE09FD10004BC05 /* LisasWorkbook.swift */,
			);
			path = LisasWorkbook;
			sourceTree = "<group>";
		};
		436BD3DC1CEB590200C5D7A9 /* BiggerIsGreater */ = {
			isa = PBXGroup;
			children = (
				436BD3DD1CEB591100C5D7A9 /* BiggerIsGreater.swift */,
			);
			path = BiggerIsGreater;
			sourceTree = "<group>";
		};
		43963CF01CEA08E10049F176 /* QuickSort */ = {
			isa = PBXGroup;
			children = (
				43963CF11CEA08F30049F176 /* QuickSort.swift */,
			);
			path = QuickSort;
			sourceTree = "<group>";
		};
		43D630901CE0CC680023328A /* GridSearch */ = {
			isa = PBXGroup;
			children = (
				43D630911CE0CC760023328A /* GridSearch.swift */,
			);
			path = GridSearch;
			sourceTree = "<group>";
		};
		43FB3F061CE4865A00AFCDA7 /* TimeInWords */ = {
			isa = PBXGroup;
			children = (
				43FB3F071CE4866A00AFCDA7 /* TimeInWords.swift */,
			);
			path = TimeInWords;
			sourceTree = "<group>";
		};
		43FB3F0C1CE4993100AFCDA7 /* Kaprekar */ = {
			isa = PBXGroup;
			children = (
				43FB3F0D1CE4994000AFCDA7 /* Kaprekar.swift */,
			);
			path = Kaprekar;
			sourceTree = "<group>";
		};
		43FB3F121CE4C47000AFCDA7 /* Encryption */ = {
			isa = PBXGroup;
			children = (
				43FB3F131CE4C47B00AFCDA7 /* Encryption.swift */,
			);
			path = Encryption;
			sourceTree = "<group>";
		};
		43FB3F181CE4E84000AFCDA7 /* LarrysArray */ = {
			isa = PBXGroup;
			children = (
				43FB3F191CE4E85200AFCDA7 /* LarrysArray.swift */,
			);
			path = LarrysArray;
			sourceTree = "<group>";
		};
		43FF2D2C1CE1F33500D6FCDF /* CavityMap */ = {
			isa = PBXGroup;
			children = (
				43FF2D311CE1F36A00D6FCDF /* CavityMap.swift */,
			);
			path = CavityMap;
			sourceTree = "<group>";
		};
		43FF2D361CE2150200D6FCDF /* CaesarCipher */ = {
			isa = PBXGroup;
			children = (
				43FF2D371CE2151300D6FCDF /* CaesarCipher.swift */,
			);
			path = CaesarCipher;
			sourceTree = "<group>";
		};
		43FF2D3A1CE2386800D6FCDF /* LibraryFine */ = {
			isa = PBXGroup;
			children = (
				43FF2D3B1CE2387900D6FCDF /* LibraryFine.swift */,
			);
			path = LibraryFine;
			sourceTree = "<group>";
		};
		43FF2D401CE2465400D6FCDF /* ManasaAndStones */ = {
			isa = PBXGroup;
			children = (
				43FF2D411CE2466600D6FCDF /* ManasaAndStones.swift */,
			);
			path = ManasaAndStones;
			sourceTree = "<group>";
		};
		910597051CFC50930057BD82 /* PalindromePermutation */ = {
			isa = PBXGroup;
			children = (
				910597061CFC50B80057BD82 /* PalindromePermutation.swift */,
			);
			path = PalindromePermutation;
			sourceTree = "<group>";
		};
		9105970B1CFC59D20057BD82 /* ReconstructBinaryTree */ = {
			isa = PBXGroup;
			children = (
				9105970C1CFC59D20057BD82 /* ReconstructBinaryTreeNode.swift */,
				9105970D1CFC59D20057BD82 /* ReconstructBinaryTree.swift */,
			);
			path = ReconstructBinaryTree;
			sourceTree = "<group>";
		};
		910597121CFC5D0F0057BD82 /* OffByOne */ = {
			isa = PBXGroup;
			children = (
				910597131CFC5D220057BD82 /* OffByOne.swift */,
			);
			path = OffByOne;
			sourceTree = "<group>";
		};
		910597181CFCAEB70057BD82 /* IntersectingNode */ = {
			isa = PBXGroup;
			children = (
				910597191CFCAEDE0057BD82 /* LinkedListIntersectingNode.swift */,
				9105971C1CFCAEEA0057BD82 /* LinkedListNode.swift */,
				9105971F1CFCAF410057BD82 /* SingleLinkedList.swift */,
			);
			path = IntersectingNode;
			sourceTree = "<group>";
		};
		912A54C81D0AFF0700CF7242 /* MaximumSubarray */ = {
			isa = PBXGroup;
			children = (
				912A54C91D0AFF2400CF7242 /* MaximumSubarray.swift */,
			);
			path = MaximumSubarray;
			sourceTree = "<group>";
		};
		9189B1971CFCB74E0048B1C7 /* CircularLinkedList */ = {
			isa = PBXGroup;
			children = (
				9189B1981CFCB7610048B1C7 /* CircularLinkedList.swift */,
			);
			path = CircularLinkedList;
			sourceTree = "<group>";
		};
		91F80FC11CFDA0130029F848 /* BinarySearchTree */ = {
			isa = PBXGroup;
			children = (
				91F80FCC1CFDB0590029F848 /* Queue */,
				91F80FC21CFDA0280029F848 /* BinarySearchTree.swift */,
				91F80FC51CFDA0360029F848 /* BinarySearchTreeNode.swift */,
			);
			path = BinarySearchTree;
			sourceTree = "<group>";
		};
		91F80FCC1CFDB0590029F848 /* Queue */ = {
			isa = PBXGroup;
			children = (
				91F80FCD1CFDB06F0029F848 /* LevelTraversalQueue.swift */,
			);
			path = Queue;
			sourceTree = "<group>";
		};
		91F80FD01CFEFC700029F848 /* MinStack */ = {
			isa = PBXGroup;
			children = (
				91F80FD11CFEFC830029F848 /* MinStack.swift */,
				91F80FD61CFEFCB70029F848 /* MinStackNode.swift */,
			);
			path = MinStack;
			sourceTree = "<group>";
		};
		91F80FD91CFF09A20029F848 /* StackOfPlates */ = {
			isa = PBXGroup;
			children = (
				91F80FDA1CFF09BB0029F848 /* StackOfPlates.swift */,
				91F80FDD1CFF09FD0029F848 /* StackOfPlatesNode.swift */,
				91F80FE01CFF0A9A0029F848 /* StackOfPlatesStack.swift */,
			);
			path = StackOfPlates;
			sourceTree = "<group>";
		};
		91F80FE51CFF11EB0029F848 /* QueueViaStacks */ = {
			isa = PBXGroup;
			children = (
				91F80FE61CFF12070029F848 /* QueueViaStacks.swift */,
				91F80FEC1CFF12DB0029F848 /* QueueViaStacksStack.swift */,
			);
			path = QueueViaStacks;
			sourceTree = "<group>";
		};
		91F80FF11CFF1D6F0029F848 /* RoutePlanner */ = {
			isa = PBXGroup;
			children = (
				91F80FF21CFF1D850029F848 /* RoutePlanner.swift */,
				91F80FF51CFF1D930029F848 /* RoutePlannerNode.swift */,
				91F80FFD1CFF20120029F848 /* RoutePlannerQueue.swift */,
			);
			path = RoutePlanner;
			sourceTree = "<group>";
		};
		91F810001CFF60FA0029F848 /* MinimalTree */ = {
			isa = PBXGroup;
			children = (
				91F810011CFF610E0029F848 /* MinimalBinarySearchTree.swift */,
				91F810061CFF62860029F848 /* MinimalBinarySearchTreeNode.swift */,
			);
			path = MinimalTree;
			sourceTree = "<group>";
		};
		91F810091CFF73630029F848 /* BinarySearchTreeDepth */ = {
			isa = PBXGroup;
			children = (
				91F810181CFF9E330029F848 /* LinkedList */,
				91F8100A1CFF737F0029F848 /* BinarySearchTreeDepth.swift */,
				91F8100D1CFF73960029F848 /* BinarySearchTreeDepthNode.swift */,
			);
			path = BinarySearchTreeDepth;
			sourceTree = "<group>";
		};
		91F810181CFF9E330029F848 /* LinkedList */ = {
			isa = PBXGroup;
			children = (
				91F810191CFF9E330029F848 /* BinarySearchTreeDepthLinkedList.swift */,
				91F8101A1CFF9E330029F848 /* BinarySearchTreeDepthLinkedListNode.swift */,
			);
			path = LinkedList;
			sourceTree = "<group>";
		};
		91FE811C1D0045CE00BBE456 /* BuildOrder */ = {
			isa = PBXGroup;
			children = (
				91FE811D1D0045DD00BBE456 /* ProjectBuildOrder.swift */,
				91FE81201D00464500BBE456 /* ProjectBuildOrderNode.swift */,
			);
			path = BuildOrder;
			sourceTree = "<group>";
		};
		F43170CB1CE7D5070093D062 /* NewYearChaos */ = {
			isa = PBXGroup;
			children = (
				F43170CC1CE7D5270093D062 /* NewYearChaos.swift */,
			);
			path = NewYearChaos;
			sourceTree = "<group>";
		};
		F43170D21CE8B1EE0093D062 /* SortingIntro */ = {
			isa = PBXGroup;
			children = (
				F43170D31CE8B2000093D062 /* SortingIntro.swift */,
			);
			path = SortingIntro;
			sourceTree = "<group>";
		};
		F43170D81CE8B6660093D062 /* InsertionSort */ = {
			isa = PBXGroup;
			children = (
				F43170D91CE8B6740093D062 /* InsertionSort.swift */,
			);
			path = InsertionSort;
			sourceTree = "<group>";
		};
		F49EE26D1CDDE2D10062F8B7 /* Summing */ = {
			isa = PBXGroup;
			children = (
				F49EE26E1CDDE2E10062F8B7 /* Summing.swift */,
			);
			path = Summing;
			sourceTree = "<group>";
		};
		F49EE2791CDE0E300062F8B7 /* Percentages */ = {
			isa = PBXGroup;
			children = (
				F49EE27A1CDE0E300062F8B7 /* Percentages.swift */,
			);
			path = Percentages;
			sourceTree = "<group>";
		};
		F49EE27D1CDE60B90062F8B7 /* Staircase */ = {
			isa = PBXGroup;
			children = (
				F49EE27E1CDE60CB0062F8B7 /* Staircase.swift */,
			);
			path = Staircase;
			sourceTree = "<group>";
		};
		F49EE2871CDE75B20062F8B7 /* TimeConverter */ = {
			isa = PBXGroup;
			children = (
				F49EE2881CDE75B20062F8B7 /* TimeConverter.swift */,
			);
			path = TimeConverter;
			sourceTree = "<group>";
		};
		F49EE28D1CDE864F0062F8B7 /* AngryProfessor */ = {
			isa = PBXGroup;
			children = (
				F49EE28E1CDE86690062F8B7 /* AngryProfessor.swift */,
			);
			path = AngryProfessor;
			sourceTree = "<group>";
		};
		F49EE2931CDE8EA30062F8B7 /* Beast */ = {
			isa = PBXGroup;
			children = (
				F49EE2941CDE8EB20062F8B7 /* Beast.swift */,
			);
			path = Beast;
			sourceTree = "<group>";
		};
		F49EE2991CDF36F10062F8B7 /* UtopianTree */ = {
			isa = PBXGroup;
			children = (
				F49EE29A1CDF37020062F8B7 /* UtopianTree.swift */,
			);
			path = UtopianTree;
			sourceTree = "<group>";
		};
		F49EE29F1CDF39D40062F8B7 /* FindDigits */ = {
			isa = PBXGroup;
			children = (
				F49EE2A01CDF39E00062F8B7 /* FindDigits.swift */,
			);
			path = FindDigits;
			sourceTree = "<group>";
		};
		F49EE2A51CDFA30C0062F8B7 /* SherlockSquares */ = {
			isa = PBXGroup;
			children = (
				F49EE2A61CDFA3190062F8B7 /* SherlockSquares.swift */,
			);
			path = SherlockSquares;
			sourceTree = "<group>";
		};
		F49EE2AB1CDFC3DD0062F8B7 /* ServiceLane */ = {
			isa = PBXGroup;
			children = (
				F49EE2AC1CDFC3FA0062F8B7 /* ServiceLane.swift */,
			);
			path = ServiceLane;
			sourceTree = "<group>";
		};
		F49EE2B11CDFDB6A0062F8B7 /* CutTheSticks */ = {
			isa = PBXGroup;
			children = (
				F49EE2B21CDFDB780062F8B7 /* CutTheSticks.swift */,
			);
			path = CutTheSticks;
			sourceTree = "<group>";
		};
		F49EE2B71CDFE7530062F8B7 /* ChocolateFeast */ = {
			isa = PBXGroup;
			children = (
				F49EE2B81CDFE7620062F8B7 /* ChocolateFeast.swift */,
			);
			path = ChocolateFeast;
			sourceTree = "<group>";
		};
/* End PBXGroup section */

/* Begin PBXNativeTarget section */
		4353DA3B1CDB868200A07167 /* WhiteBoardCodingChallenges */ = {
			isa = PBXNativeTarget;
			buildConfigurationList = 4353DA5B1CDB868200A07167 /* Build configuration list for PBXNativeTarget "WhiteBoardCodingChallenges" */;
			buildPhases = (
				4353DA381CDB868200A07167 /* Sources */,
				4353DA391CDB868200A07167 /* Frameworks */,
				4353DA3A1CDB868200A07167 /* Resources */,
			);
			buildRules = (
			);
			dependencies = (
			);
			name = WhiteBoardCodingChallenges;
			productName = WhiteBoardCodingChallenges;
			productReference = 4353DA3C1CDB868200A07167 /* WhiteBoardCodingChallenges.app */;
			productType = "com.apple.product-type.application";
		};
		4353DA511CDB868200A07167 /* WhiteBoardCodingChallengesTests */ = {
			isa = PBXNativeTarget;
			buildConfigurationList = 4353DA5E1CDB868200A07167 /* Build configuration list for PBXNativeTarget "WhiteBoardCodingChallengesTests" */;
			buildPhases = (
				4353DA4E1CDB868200A07167 /* Sources */,
				4353DA4F1CDB868200A07167 /* Frameworks */,
				4353DA501CDB868200A07167 /* Resources */,
			);
			buildRules = (
			);
			dependencies = (
				4353DA541CDB868200A07167 /* PBXTargetDependency */,
			);
			name = WhiteBoardCodingChallengesTests;
			productName = WhiteBoardCodingChallengesTests;
			productReference = 4353DA521CDB868200A07167 /* WhiteBoardCodingChallengesTests.xctest */;
			productType = "com.apple.product-type.bundle.unit-test";
		};
/* End PBXNativeTarget section */

/* Begin PBXProject section */
		4353DA341CDB868200A07167 /* Project object */ = {
			isa = PBXProject;
			attributes = {
				LastSwiftUpdateCheck = 0730;
				LastUpgradeCheck = 0730;
				ORGANIZATIONNAME = Boles;
				TargetAttributes = {
					4353DA3B1CDB868200A07167 = {
						CreatedOnToolsVersion = 7.3;
					};
					4353DA511CDB868200A07167 = {
						CreatedOnToolsVersion = 7.3;
						TestTargetID = 4353DA3B1CDB868200A07167;
					};
				};
			};
			buildConfigurationList = 4353DA371CDB868200A07167 /* Build configuration list for PBXProject "WhiteBoardCodingChallenges" */;
			compatibilityVersion = "Xcode 3.2";
			developmentRegion = English;
			hasScannedForEncodings = 0;
			knownRegions = (
				en,
				Base,
			);
			mainGroup = 4353DA331CDB868200A07167;
			productRefGroup = 4353DA3D1CDB868200A07167 /* Products */;
			projectDirPath = "";
			projectRoot = "";
			targets = (
				4353DA3B1CDB868200A07167 /* WhiteBoardCodingChallenges */,
				4353DA511CDB868200A07167 /* WhiteBoardCodingChallengesTests */,
			);
		};
/* End PBXProject section */

/* Begin PBXResourcesBuildPhase section */
		4353DA3A1CDB868200A07167 /* Resources */ = {
			isa = PBXResourcesBuildPhase;
			buildActionMask = 2147483647;
			files = (
				432685A41CDCA129005B1E61 /* Assets.xcassets in Resources */,
				432685A61CDCA129005B1E61 /* LaunchScreen.storyboard in Resources */,
			);
			runOnlyForDeploymentPostprocessing = 0;
		};
		4353DA501CDB868200A07167 /* Resources */ = {
			isa = PBXResourcesBuildPhase;
			buildActionMask = 2147483647;
			files = (
				432685A71CDCA129005B1E61 /* LaunchScreen.storyboard in Resources */,
				432685A51CDCA129005B1E61 /* Assets.xcassets in Resources */,
				4353DA7B1CDB86FB00A07167 /* Info.plist in Resources */,
			);
			runOnlyForDeploymentPostprocessing = 0;
		};
/* End PBXResourcesBuildPhase section */

/* Begin PBXSourcesBuildPhase section */
		4353DA381CDB868200A07167 /* Sources */ = {
			isa = PBXSourcesBuildPhase;
			buildActionMask = 2147483647;
			files = (
				9105971D1CFCAEEA0057BD82 /* LinkedListNode.swift in Sources */,
				91F80FE11CFF0A9A0029F848 /* StackOfPlatesStack.swift in Sources */,
				910597201CFCAF410057BD82 /* SingleLinkedList.swift in Sources */,
				910597071CFC50B80057BD82 /* PalindromePermutation.swift in Sources */,
				43FF2D321CE1F36A00D6FCDF /* CavityMap.swift in Sources */,
				91F8100E1CFF73960029F848 /* BinarySearchTreeDepthNode.swift in Sources */,
				43FB3F081CE4866A00AFCDA7 /* TimeInWords.swift in Sources */,
				F43170CD1CE7D5270093D062 /* NewYearChaos.swift in Sources */,
				91F80FC61CFDA0360029F848 /* BinarySearchTreeNode.swift in Sources */,
				91F80FF31CFF1D850029F848 /* RoutePlanner.swift in Sources */,
				43FF2D421CE2466600D6FCDF /* ManasaAndStones.swift in Sources */,
				4353DA721CDB86FB00A07167 /* AppDelegate.swift in Sources */,
				F49EE2A11CDF39E00062F8B7 /* FindDigits.swift in Sources */,
				43635B341CE09FD10004BC05 /* LisasWorkbook.swift in Sources */,
				432685AA1CDCA129005B1E61 /* SingleTextFieldViewController.swift in Sources */,
				91F80FED1CFF12DB0029F848 /* QueueViaStacksStack.swift in Sources */,
				43FF2D381CE2151300D6FCDF /* CaesarCipher.swift in Sources */,
				91FE81211D00464500BBE456 /* ProjectBuildOrderNode.swift in Sources */,
				F43170DA1CE8B6740093D062 /* InsertionSort.swift in Sources */,
				9105970E1CFC59D20057BD82 /* ReconstructBinaryTreeNode.swift in Sources */,
				91F8101B1CFF9E330029F848 /* BinarySearchTreeDepthLinkedList.swift in Sources */,
				43D630921CE0CC760023328A /* GridSearch.swift in Sources */,
				432685C61CDCD35B005B1E61 /* GreatestCommonDenominator.swift in Sources */,
				912A54CA1D0AFF2400CF7242 /* MaximumSubarray.swift in Sources */,
				910597101CFC59D20057BD82 /* ReconstructBinaryTree.swift in Sources */,
				91F8101D1CFF9E330029F848 /* BinarySearchTreeDepthLinkedListNode.swift in Sources */,
				91F80FFE1CFF20120029F848 /* RoutePlannerQueue.swift in Sources */,
				43FB3F1A1CE4E85200AFCDA7 /* LarrysArray.swift in Sources */,
				432685C01CDCCD2A005B1E61 /* Palindrome.swift in Sources */,
				F49EE2891CDE75B20062F8B7 /* TimeConverter.swift in Sources */,
				F49EE27B1CDE0E300062F8B7 /* Percentages.swift in Sources */,
				432685B01CDCA288005B1E61 /* ReverseStringAndKeepWordOrdering.swift in Sources */,
				432685B41CDCA4AF005B1E61 /* AlphabeticalOrdering.swift in Sources */,
				91F80FCE1CFDB06F0029F848 /* LevelTraversalQueue.swift in Sources */,
				91F80FDE1CFF09FD0029F848 /* StackOfPlatesNode.swift in Sources */,
				F49EE26F1CDDE2E10062F8B7 /* Summing.swift in Sources */,
				9105971A1CFCAEDE0057BD82 /* LinkedListIntersectingNode.swift in Sources */,
				F49EE28F1CDE86690062F8B7 /* AngryProfessor.swift in Sources */,
				91F80FD71CFEFCB70029F848 /* MinStackNode.swift in Sources */,
				43FB3F0E1CE4994000AFCDA7 /* Kaprekar.swift in Sources */,
				91F80FDB1CFF09BB0029F848 /* StackOfPlates.swift in Sources */,
				91FE811E1D0045DD00BBE456 /* ProjectBuildOrder.swift in Sources */,
				43FF2D3C1CE2387900D6FCDF /* LibraryFine.swift in Sources */,
				F49EE2B31CDFDB780062F8B7 /* CutTheSticks.swift in Sources */,
				9189B1991CFCB7610048B1C7 /* CircularLinkedList.swift in Sources */,
				91F810021CFF610E0029F848 /* MinimalBinarySearchTree.swift in Sources */,
				432685AC1CDCA129005B1E61 /* QuestionsViewController.swift in Sources */,
				433ACF8E1CE3921700B3B624 /* DikshasBirthday.swift in Sources */,
				43FB3F141CE4C47B00AFCDA7 /* Encryption.swift in Sources */,
				43963CF21CEA08F30049F176 /* QuickSort.swift in Sources */,
				433ACF871CE333AC00B3B624 /* ACMICPCTeam.swift in Sources */,
				F49EE2951CDE8EB20062F8B7 /* Beast.swift in Sources */,
				F49EE2A71CDFA3190062F8B7 /* SherlockSquares.swift in Sources */,
				F49EE29B1CDF37020062F8B7 /* UtopianTree.swift in Sources */,
				F49EE2B91CDFE7620062F8B7 /* ChocolateFeast.swift in Sources */,
				436BD3DE1CEB591100C5D7A9 /* BiggerIsGreater.swift in Sources */,
				91F80FF61CFF1D930029F848 /* RoutePlannerNode.swift in Sources */,
				F49EE27F1CDE60CB0062F8B7 /* Staircase.swift in Sources */,
				432685CC1CDCF664005B1E61 /* Prime.swift in Sources */,
				432685BA1CDCAD11005B1E61 /* DecimalToBinary.swift in Sources */,
				91F8100B1CFF737F0029F848 /* BinarySearchTreeDepth.swift in Sources */,
				91F80FD21CFEFC830029F848 /* MinStack.swift in Sources */,
				910597141CFC5D220057BD82 /* OffByOne.swift in Sources */,
				91F810071CFF62860029F848 /* MinimalBinarySearchTreeNode.swift in Sources */,
				F43170D41CE8B2000093D062 /* SortingIntro.swift in Sources */,
				F49EE2AD1CDFC3FA0062F8B7 /* ServiceLane.swift in Sources */,
				91F80FC31CFDA0280029F848 /* BinarySearchTree.swift in Sources */,
				91F80FE71CFF12070029F848 /* QueueViaStacks.swift in Sources */,
			);
			runOnlyForDeploymentPostprocessing = 0;
		};
		4353DA4E1CDB868200A07167 /* Sources */ = {
			isa = PBXSourcesBuildPhase;
			buildActionMask = 2147483647;
			files = (
				915E1FD61CFB094200F13872 /* ReconstructBinaryTreeTests.swift in Sources */,
				43FF2D391CE2151300D6FCDF /* CaesarCipher.swift in Sources */,
				43FB3F091CE4866A00AFCDA7 /* TimeInWords.swift in Sources */,
				436BD3E11CEB596700C5D7A9 /* BiggerIsGreaterTests.swift in Sources */,
				43635B371CE09FDE0004BC05 /* LisasWorkbookTests.swift in Sources */,
				432685C91CDCD36E005B1E61 /* GreatestCommonDenominatorTests.swift in Sources */,
				91F80FFF1CFF20120029F848 /* RoutePlannerQueue.swift in Sources */,
				432685CD1CDCF664005B1E61 /* Prime.swift in Sources */,
				F49EE2981CDE8FF40062F8B7 /* BeastTests.swift in Sources */,
				91F80FC41CFDA0280029F848 /* BinarySearchTree.swift in Sources */,
				432685AB1CDCA129005B1E61 /* SingleTextFieldViewController.swift in Sources */,
				F49EE29E1CDF372F0062F8B7 /* UtopianTreeTests.swift in Sources */,
				91F80FD31CFEFC830029F848 /* MinStack.swift in Sources */,
				F43170D71CE8B20D0093D062 /* SortingIntroTests.swift in Sources */,
				910597111CFC59D20057BD82 /* ReconstructBinaryTree.swift in Sources */,
				9105971B1CFCAEDE0057BD82 /* LinkedListIntersectingNode.swift in Sources */,
				9189B19A1CFCB7610048B1C7 /* CircularLinkedList.swift in Sources */,
				912A54CD1D0AFF9900CF7242 /* MaximumSubarrayTests.swift in Sources */,
				91F810051CFF611A0029F848 /* MinimalBinarySearchTreeTests.swift in Sources */,
				910597151CFC5D220057BD82 /* OffByOne.swift in Sources */,
				F49EE2721CDDE3230062F8B7 /* SummingTests.swift in Sources */,
				F43170D51CE8B2000093D062 /* SortingIntro.swift in Sources */,
				91F810081CFF62860029F848 /* MinimalBinarySearchTreeNode.swift in Sources */,
				91F80FD51CFEFC920029F848 /* MinStackTests.swift in Sources */,
				9105971E1CFCAEEA0057BD82 /* LinkedListNode.swift in Sources */,
				910597081CFC50B80057BD82 /* PalindromePermutation.swift in Sources */,
				F43170DD1CE8B9EF0093D062 /* InsertionSortTests.swift in Sources */,
				432685B51CDCA4AF005B1E61 /* AlphabeticalOrdering.swift in Sources */,
				91FE81221D00464500BBE456 /* ProjectBuildOrderNode.swift in Sources */,
				F49EE28C1CDE75C80062F8B7 /* TimeConverterTests.swift in Sources */,
				F49EE28A1CDE75B20062F8B7 /* TimeConverter.swift in Sources */,
				F49EE2BC1CDFE7D50062F8B7 /* ChocolateFeastTests.swift in Sources */,
				432685C71CDCD35B005B1E61 /* GreatestCommonDenominator.swift in Sources */,
				91F80FEE1CFF12DB0029F848 /* QueueViaStacksStack.swift in Sources */,
				91F80FFC1CFF1E910029F848 /* RoutePlannerTests.swift in Sources */,
				91F80FD81CFEFCB70029F848 /* MinStackNode.swift in Sources */,
				432685BD1CDCAD1E005B1E61 /* DecimalToBinaryTests.swift in Sources */,
				F49EE2AE1CDFC3FA0062F8B7 /* ServiceLane.swift in Sources */,
				43D630951CE0CC880023328A /* GridSearchTests.swift in Sources */,
				910597171CFC5D2F0057BD82 /* OffByOneTests.swift in Sources */,
				91F8101C1CFF9E330029F848 /* BinarySearchTreeDepthLinkedList.swift in Sources */,
				F43170D01CE7D5360093D062 /* NewYearChaosTests.swift in Sources */,
				433ACF8F1CE3921700B3B624 /* DikshasBirthday.swift in Sources */,
				43FB3F151CE4C47B00AFCDA7 /* Encryption.swift in Sources */,
				91F810031CFF610E0029F848 /* MinimalBinarySearchTree.swift in Sources */,
				43FF2D331CE1F36F00D6FCDF /* CavityMap.swift in Sources */,
				432685B71CDCA4C0005B1E61 /* AlphabeticalOrderingTests.swift in Sources */,
				433ACF911CE3922200B3B624 /* DikshasBirthdayTests.swift in Sources */,
				F43170CE1CE7D5270093D062 /* NewYearChaos.swift in Sources */,
				43FB3F1D1CE4E85D00AFCDA7 /* LarrysArrayTests.swift in Sources */,
				43FF2D301CE1F35C00D6FCDF /* CavityMapTests.swift in Sources */,
				9105970A1CFC51090057BD82 /* PalindromePermutationTests.swift in Sources */,
				F49EE2B61CDFDD750062F8B7 /* CutTheSticksTests.swift in Sources */,
				436BD3DF1CEB591100C5D7A9 /* BiggerIsGreater.swift in Sources */,
				91F8100F1CFF73960029F848 /* BinarySearchTreeDepthNode.swift in Sources */,
				91F80FF71CFF1D930029F848 /* RoutePlannerNode.swift in Sources */,
				43FF2D351CE214EE00D6FCDF /* CaesarCipherTests.swift in Sources */,
				F49EE2B01CDFC5A30062F8B7 /* ServiceLaneTests.swift in Sources */,
				91FE81241D0046A100BBE456 /* ProjectBuildOrderTests.swift in Sources */,
				91FE811F1D0045DD00BBE456 /* ProjectBuildOrder.swift in Sources */,
				91F80FC91CFDA2F00029F848 /* BinarySearchTreeTests.swift in Sources */,
				91F80FDC1CFF09BB0029F848 /* StackOfPlates.swift in Sources */,
				91F80FCF1CFDB06F0029F848 /* LevelTraversalQueue.swift in Sources */,
				43D630931CE0CC7B0023328A /* GridSearch.swift in Sources */,
				433ACF881CE333AC00B3B624 /* ACMICPCTeam.swift in Sources */,
				91F80FC71CFDA0360029F848 /* BinarySearchTreeNode.swift in Sources */,
				F49EE2A41CDF39ED0062F8B7 /* FindDigitsTests.swift in Sources */,
				43FF2D451CE2467100D6FCDF /* ManasaAndStonesTests.swift in Sources */,
				91F8100C1CFF737F0029F848 /* BinarySearchTreeDepth.swift in Sources */,
				432685B11CDCA288005B1E61 /* ReverseStringAndKeepWordOrdering.swift in Sources */,
				F49EE2961CDE8EB20062F8B7 /* Beast.swift in Sources */,
				F49EE2A81CDFA3190062F8B7 /* SherlockSquares.swift in Sources */,
				43963CF51CEA08FF0049F176 /* QuickSortTests.swift in Sources */,
				F49EE2901CDE86690062F8B7 /* AngryProfessor.swift in Sources */,
				F49EE2801CDE60CB0062F8B7 /* Staircase.swift in Sources */,
				91F80FE21CFF0A9A0029F848 /* StackOfPlatesStack.swift in Sources */,
				F49EE2701CDDE2E40062F8B7 /* Summing.swift in Sources */,
				91F810111CFF757B0029F848 /* BinarySearchTreeDepthTests.swift in Sources */,
				F49EE27C1CDE0E300062F8B7 /* Percentages.swift in Sources */,
				43635B351CE09FD10004BC05 /* LisasWorkbook.swift in Sources */,
				433ACF8A1CE333B900B3B624 /* ACMICPCTeamTests.swift in Sources */,
				9189B19C1CFCB8250048B1C7 /* CircularLinkedListTests.swift in Sources */,
				432685CF1CDCF72D005B1E61 /* PrimeTests.swift in Sources */,
				432685AD1CDCA129005B1E61 /* QuestionsViewController.swift in Sources */,
				432685C11CDCCD2A005B1E61 /* Palindrome.swift in Sources */,
				43FF2D3D1CE2387900D6FCDF /* LibraryFine.swift in Sources */,
				4353DA731CDB86FB00A07167 /* AppDelegate.swift in Sources */,
				91F80FF41CFF1D850029F848 /* RoutePlanner.swift in Sources */,
				432685C31CDCCD38005B1E61 /* PalindromeTests.swift in Sources */,
				43963CF31CEA08F30049F176 /* QuickSort.swift in Sources */,
				910597231CFCB1090057BD82 /* LinkedListIntersectingNodeTests.swift in Sources */,
				43FB3F0B1CE4867700AFCDA7 /* TimeInWordsTests.swift in Sources */,
				43FF2D3F1CE2388800D6FCDF /* LibraryFineTests.swift in Sources */,
				432685901CDC9E70005B1E61 /* ReverseStringAndKeepWordOrderingTests.swift in Sources */,
				43FF2D431CE2466600D6FCDF /* ManasaAndStones.swift in Sources */,
				F49EE2A21CDF39E00062F8B7 /* FindDigits.swift in Sources */,
				F49EE2AA1CDFA3230062F8B7 /* SherlockSquaresTests.swift in Sources */,
				91F8101E1CFF9E330029F848 /* BinarySearchTreeDepthLinkedListNode.swift in Sources */,
				F49EE2821CDE612E0062F8B7 /* StaircaseTests.swift in Sources */,
				F43170DB1CE8B6740093D062 /* InsertionSort.swift in Sources */,
				43FB3F1B1CE4E85200AFCDA7 /* LarrysArray.swift in Sources */,
				91F80FDF1CFF09FD0029F848 /* StackOfPlatesNode.swift in Sources */,
				43FB3F171CE4C48600AFCDA7 /* EncryptionTests.swift in Sources */,
				F49EE2B41CDFDB780062F8B7 /* CutTheSticks.swift in Sources */,
				91F80FE81CFF12070029F848 /* QueueViaStacks.swift in Sources */,
				9105970F1CFC59D20057BD82 /* ReconstructBinaryTreeNode.swift in Sources */,
				43FB3F0F1CE4994000AFCDA7 /* Kaprekar.swift in Sources */,
				F49EE29C1CDF37020062F8B7 /* UtopianTree.swift in Sources */,
				F49EE2BA1CDFE7620062F8B7 /* ChocolateFeast.swift in Sources */,
				91F80FF01CFF158A0029F848 /* QueueViaStacksTests.swift in Sources */,
				43FB3F111CE4994C00AFCDA7 /* KaprekarTests.swift in Sources */,
				91F80FE41CFF0DD10029F848 /* StackOfPlatesTests.swift in Sources */,
				910597211CFCAF410057BD82 /* SingleLinkedList.swift in Sources */,
				432685BB1CDCAD11005B1E61 /* DecimalToBinary.swift in Sources */,
				F49EE2781CDE090D0062F8B7 /* PercentagesTests.swift in Sources */,
				F49EE2921CDE86750062F8B7 /* AngryProfessorTests.swift in Sources */,
				912A54CB1D0AFF2400CF7242 /* MaximumSubarray.swift in Sources */,
			);
			runOnlyForDeploymentPostprocessing = 0;
		};
/* End PBXSourcesBuildPhase section */

/* Begin PBXTargetDependency section */
		4353DA541CDB868200A07167 /* PBXTargetDependency */ = {
			isa = PBXTargetDependency;
			target = 4353DA3B1CDB868200A07167 /* WhiteBoardCodingChallenges */;
			targetProxy = 4353DA531CDB868200A07167 /* PBXContainerItemProxy */;
		};
/* End PBXTargetDependency section */

/* Begin PBXVariantGroup section */
		4326859A1CDCA129005B1E61 /* LaunchScreen.storyboard */ = {
			isa = PBXVariantGroup;
			children = (
				4326859B1CDCA129005B1E61 /* Base */,
			);
			name = LaunchScreen.storyboard;
			sourceTree = "<group>";
		};
/* End PBXVariantGroup section */

/* Begin XCBuildConfiguration section */
		4353DA591CDB868200A07167 /* Debug */ = {
			isa = XCBuildConfiguration;
			buildSettings = {
				ALWAYS_SEARCH_USER_PATHS = NO;
				CLANG_ANALYZER_NONNULL = YES;
				CLANG_CXX_LANGUAGE_STANDARD = "gnu++0x";
				CLANG_CXX_LIBRARY = "libc++";
				CLANG_ENABLE_MODULES = YES;
				CLANG_ENABLE_OBJC_ARC = YES;
				CLANG_WARN_BOOL_CONVERSION = YES;
				CLANG_WARN_CONSTANT_CONVERSION = YES;
				CLANG_WARN_DIRECT_OBJC_ISA_USAGE = YES_ERROR;
				CLANG_WARN_EMPTY_BODY = YES;
				CLANG_WARN_ENUM_CONVERSION = YES;
				CLANG_WARN_INT_CONVERSION = YES;
				CLANG_WARN_OBJC_ROOT_CLASS = YES_ERROR;
				CLANG_WARN_UNREACHABLE_CODE = YES;
				CLANG_WARN__DUPLICATE_METHOD_MATCH = YES;
				"CODE_SIGN_IDENTITY[sdk=iphoneos*]" = "iPhone Developer";
				COPY_PHASE_STRIP = NO;
				DEBUG_INFORMATION_FORMAT = dwarf;
				ENABLE_STRICT_OBJC_MSGSEND = YES;
				ENABLE_TESTABILITY = YES;
				GCC_C_LANGUAGE_STANDARD = gnu99;
				GCC_DYNAMIC_NO_PIC = NO;
				GCC_NO_COMMON_BLOCKS = YES;
				GCC_OPTIMIZATION_LEVEL = 0;
				GCC_PREPROCESSOR_DEFINITIONS = (
					"DEBUG=1",
					"$(inherited)",
				);
				GCC_WARN_64_TO_32_BIT_CONVERSION = YES;
				GCC_WARN_ABOUT_RETURN_TYPE = YES_ERROR;
				GCC_WARN_UNDECLARED_SELECTOR = YES;
				GCC_WARN_UNINITIALIZED_AUTOS = YES_AGGRESSIVE;
				GCC_WARN_UNUSED_FUNCTION = YES;
				GCC_WARN_UNUSED_VARIABLE = YES;
				IPHONEOS_DEPLOYMENT_TARGET = 9.3;
				MTL_ENABLE_DEBUG_INFO = YES;
				ONLY_ACTIVE_ARCH = YES;
				SDKROOT = iphoneos;
				SWIFT_OPTIMIZATION_LEVEL = "-Onone";
			};
			name = Debug;
		};
		4353DA5A1CDB868200A07167 /* Release */ = {
			isa = XCBuildConfiguration;
			buildSettings = {
				ALWAYS_SEARCH_USER_PATHS = NO;
				CLANG_ANALYZER_NONNULL = YES;
				CLANG_CXX_LANGUAGE_STANDARD = "gnu++0x";
				CLANG_CXX_LIBRARY = "libc++";
				CLANG_ENABLE_MODULES = YES;
				CLANG_ENABLE_OBJC_ARC = YES;
				CLANG_WARN_BOOL_CONVERSION = YES;
				CLANG_WARN_CONSTANT_CONVERSION = YES;
				CLANG_WARN_DIRECT_OBJC_ISA_USAGE = YES_ERROR;
				CLANG_WARN_EMPTY_BODY = YES;
				CLANG_WARN_ENUM_CONVERSION = YES;
				CLANG_WARN_INT_CONVERSION = YES;
				CLANG_WARN_OBJC_ROOT_CLASS = YES_ERROR;
				CLANG_WARN_UNREACHABLE_CODE = YES;
				CLANG_WARN__DUPLICATE_METHOD_MATCH = YES;
				"CODE_SIGN_IDENTITY[sdk=iphoneos*]" = "iPhone Developer";
				COPY_PHASE_STRIP = NO;
				DEBUG_INFORMATION_FORMAT = "dwarf-with-dsym";
				ENABLE_NS_ASSERTIONS = NO;
				ENABLE_STRICT_OBJC_MSGSEND = YES;
				GCC_C_LANGUAGE_STANDARD = gnu99;
				GCC_NO_COMMON_BLOCKS = YES;
				GCC_WARN_64_TO_32_BIT_CONVERSION = YES;
				GCC_WARN_ABOUT_RETURN_TYPE = YES_ERROR;
				GCC_WARN_UNDECLARED_SELECTOR = YES;
				GCC_WARN_UNINITIALIZED_AUTOS = YES_AGGRESSIVE;
				GCC_WARN_UNUSED_FUNCTION = YES;
				GCC_WARN_UNUSED_VARIABLE = YES;
				IPHONEOS_DEPLOYMENT_TARGET = 9.3;
				MTL_ENABLE_DEBUG_INFO = NO;
				SDKROOT = iphoneos;
				VALIDATE_PRODUCT = YES;
			};
			name = Release;
		};
		4353DA5C1CDB868200A07167 /* Debug */ = {
			isa = XCBuildConfiguration;
			buildSettings = {
				ASSETCATALOG_COMPILER_APPICON_NAME = AppIcon;
				INFOPLIST_FILE = WhiteBoardCodingChallenges/SupportingFiles/Info.plist;
				LD_RUNPATH_SEARCH_PATHS = "$(inherited) @executable_path/Frameworks";
				PRODUCT_BUNDLE_IDENTIFIER = com.williamboles.WhiteBoardCodingChallenges;
				PRODUCT_NAME = "$(TARGET_NAME)";
				TARGETED_DEVICE_FAMILY = 1;
			};
			name = Debug;
		};
		4353DA5D1CDB868200A07167 /* Release */ = {
			isa = XCBuildConfiguration;
			buildSettings = {
				ASSETCATALOG_COMPILER_APPICON_NAME = AppIcon;
				INFOPLIST_FILE = WhiteBoardCodingChallenges/SupportingFiles/Info.plist;
				LD_RUNPATH_SEARCH_PATHS = "$(inherited) @executable_path/Frameworks";
				PRODUCT_BUNDLE_IDENTIFIER = com.williamboles.WhiteBoardCodingChallenges;
				PRODUCT_NAME = "$(TARGET_NAME)";
				TARGETED_DEVICE_FAMILY = 1;
			};
			name = Release;
		};
		4353DA5F1CDB868200A07167 /* Debug */ = {
			isa = XCBuildConfiguration;
			buildSettings = {
				BUNDLE_LOADER = "$(TEST_HOST)";
				INFOPLIST_FILE = WhiteBoardCodingChallengesTests/Info.plist;
				LD_RUNPATH_SEARCH_PATHS = "$(inherited) @executable_path/Frameworks @loader_path/Frameworks";
				PRODUCT_BUNDLE_IDENTIFIER = com.williamboles.WhiteBoardCodingChallengesTests;
				PRODUCT_NAME = "$(TARGET_NAME)";
				TEST_HOST = "$(BUILT_PRODUCTS_DIR)/WhiteBoardCodingChallenges.app/WhiteBoardCodingChallenges";
			};
			name = Debug;
		};
		4353DA601CDB868200A07167 /* Release */ = {
			isa = XCBuildConfiguration;
			buildSettings = {
				BUNDLE_LOADER = "$(TEST_HOST)";
				INFOPLIST_FILE = WhiteBoardCodingChallengesTests/Info.plist;
				LD_RUNPATH_SEARCH_PATHS = "$(inherited) @executable_path/Frameworks @loader_path/Frameworks";
				PRODUCT_BUNDLE_IDENTIFIER = com.williamboles.WhiteBoardCodingChallengesTests;
				PRODUCT_NAME = "$(TARGET_NAME)";
				TEST_HOST = "$(BUILT_PRODUCTS_DIR)/WhiteBoardCodingChallenges.app/WhiteBoardCodingChallenges";
			};
			name = Release;
		};
/* End XCBuildConfiguration section */

/* Begin XCConfigurationList section */
		4353DA371CDB868200A07167 /* Build configuration list for PBXProject "WhiteBoardCodingChallenges" */ = {
			isa = XCConfigurationList;
			buildConfigurations = (
				4353DA591CDB868200A07167 /* Debug */,
				4353DA5A1CDB868200A07167 /* Release */,
			);
			defaultConfigurationIsVisible = 0;
			defaultConfigurationName = Release;
		};
		4353DA5B1CDB868200A07167 /* Build configuration list for PBXNativeTarget "WhiteBoardCodingChallenges" */ = {
			isa = XCConfigurationList;
			buildConfigurations = (
				4353DA5C1CDB868200A07167 /* Debug */,
				4353DA5D1CDB868200A07167 /* Release */,
			);
			defaultConfigurationIsVisible = 0;
			defaultConfigurationName = Release;
		};
		4353DA5E1CDB868200A07167 /* Build configuration list for PBXNativeTarget "WhiteBoardCodingChallengesTests" */ = {
			isa = XCConfigurationList;
			buildConfigurations = (
				4353DA5F1CDB868200A07167 /* Debug */,
				4353DA601CDB868200A07167 /* Release */,
			);
			defaultConfigurationIsVisible = 0;
			defaultConfigurationName = Release;
		};
/* End XCConfigurationList section */
	};
	rootObject = 4353DA341CDB868200A07167 /* Project object */;
}
